Microsoft Visual Studio Solution File, Format Version 12.00
# Visual Studio 14
Project("{2150E333-8FDC-42A3-9474-1A3956D46DE8}") = "CMakePredefinedTargets", "CMakePredefinedTargets", "{8164CE5C-9089-3604-A413-4DC7C50BBD1F}"
EndProject
Project("{2150E333-8FDC-42A3-9474-1A3956D46DE8}") = "GLFW3", "GLFW3", "{CFC35B0B-EF17-3611-9028-425F9ADB0779}"
EndProject
Project("{2150E333-8FDC-42A3-9474-1A3956D46DE8}") = "Examples", "GLFW3\Examples", "{C6AAB97C-DEAF-3D35-8395-D81D587E71DB}"
EndProject
Project("{2150E333-8FDC-42A3-9474-1A3956D46DE8}") = "Tests", "GLFW3\Tests", "{C6A68B45-640F-300A-B9C2-93EFB45FDF98}"
EndProject
Project("{8BC9CEB8-8B4A-11D0-8D11-00A0C91BC942}") = "ALL_BUILD", "ALL_BUILD.vcxproj", "{40B6FD1E-552E-3D85-910B-4171AF246B12}"
	ProjectSection(ProjectDependencies) = postProject
		{5F9078CD-F800-3DE8-8569-761E5552F14C} = {5F9078CD-F800-3DE8-8569-761E5552F14C}
		{8D33CDDF-C15D-3B03-81EB-E85255BC10D3} = {8D33CDDF-C15D-3B03-81EB-E85255BC10D3}
		{E0B632B6-0B22-32A2-87C1-77646E9BA3B5} = {E0B632B6-0B22-32A2-87C1-77646E9BA3B5}
		{3A59D57D-A175-3D00-BA2F-40E29C65AA56} = {3A59D57D-A175-3D00-BA2F-40E29C65AA56}
		{6DBFB1D6-6D76-3699-AC81-40CF24AED34D} = {6DBFB1D6-6D76-3699-AC81-40CF24AED34D}
		{D36E9B0B-DAA8-35D3-BC0F-99C5E7B3F8FA} = {D36E9B0B-DAA8-35D3-BC0F-99C5E7B3F8FA}
		{D6031D6A-5540-34BB-A022-79B8D0FBFA08} = {D6031D6A-5540-34BB-A022-79B8D0FBFA08}
		{E9665188-311B-3B36-8A20-D709BEADEC6F} = {E9665188-311B-3B36-8A20-D709BEADEC6F}
		{83F01E38-D377-36C0-AE43-0ECF10D625DF} = {83F01E38-D377-36C0-AE43-0ECF10D625DF}
		{17DA8B0E-EE8D-3BA8-93C8-CF526D34961D} = {17DA8B0E-EE8D-3BA8-93C8-CF526D34961D}
		{C006935C-8283-3B97-937A-2D23D5D06EB8} = {C006935C-8283-3B97-937A-2D23D5D06EB8}
		{C78C1D03-4BD4-31EE-B59D-21FE47338179} = {C78C1D03-4BD4-31EE-B59D-21FE47338179}
		{FC0A1440-BDF4-3A65-84F7-ED5F24A87E9C} = {FC0A1440-BDF4-3A65-84F7-ED5F24A87E9C}
		{04574EF7-3545-3208-98B9-6B1422062E14} = {04574EF7-3545-3208-98B9-6B1422062E14}
		{E751882B-33DA-38AB-AAE7-E6757A0FC845} = {E751882B-33DA-38AB-AAE7-E6757A0FC845}
		{11334175-A683-3A4C-A79A-EA7076404CCB} = {11334175-A683-3A4C-A79A-EA7076404CCB}
		{260DAC0D-EF59-312C-AB89-40BDE75EB9AA} = {260DAC0D-EF59-312C-AB89-40BDE75EB9AA}
		{8EBB8E25-B5BA-378F-8C09-5767DF2F3050} = {8EBB8E25-B5BA-378F-8C09-5767DF2F3050}
		{A4F96AF6-7C85-3959-A5DB-321EA250D884} = {A4F96AF6-7C85-3959-A5DB-321EA250D884}
		{0308B410-BC82-3FF6-9834-01BE79D69B8F} = {0308B410-BC82-3FF6-9834-01BE79D69B8F}
		{18BC8F92-D0D2-370D-986A-38FD4BBEA192} = {18BC8F92-D0D2-370D-986A-38FD4BBEA192}
		{7742A460-2231-336F-8427-EA4D4B4FAA39} = {7742A460-2231-336F-8427-EA4D4B4FAA39}
		{1C62A227-94C5-343E-B791-9CACDF6597BC} = {1C62A227-94C5-343E-B791-9CACDF6597BC}
		{7BE93266-0E8D-3E62-8118-BE5D12DC2488} = {7BE93266-0E8D-3E62-8118-BE5D12DC2488}
		{9F00EBD8-1A60-3CAF-B4C3-2E88BBB46861} = {9F00EBD8-1A60-3CAF-B4C3-2E88BBB46861}
		{4A505642-C4B4-3F6B-A34A-2C2D3A6CB9D9} = {4A505642-C4B4-3F6B-A34A-2C2D3A6CB9D9}
		{C7C81401-B570-3AE1-8944-7336486BBFDC} = {C7C81401-B570-3AE1-8944-7336486BBFDC}
		{370C4589-865D-3DBB-A3DF-27012149F0AD} = {370C4589-865D-3DBB-A3DF-27012149F0AD}
		{D11D527E-2AD1-3E70-9B6F-0F959F4145E8} = {D11D527E-2AD1-3E70-9B6F-0F959F4145E8}
		{DD1C2C45-CAD4-3E6A-ACA3-C99E9252DBF9} = {DD1C2C45-CAD4-3E6A-ACA3-C99E9252DBF9}
		{1127445A-A1A0-334A-A14B-5190ECF5E7E5} = {1127445A-A1A0-334A-A14B-5190ECF5E7E5}
		{5FC0559B-C63D-3BA5-BB19-3B3FABD4EDFD} = {5FC0559B-C63D-3BA5-BB19-3B3FABD4EDFD}
		{9B0DADD0-3CEF-34EB-BFBE-7BD797968A76} = {9B0DADD0-3CEF-34EB-BFBE-7BD797968A76}
		{6E3B361B-A4C6-3E0A-BF94-7DE9FBA98DE1} = {6E3B361B-A4C6-3E0A-BF94-7DE9FBA98DE1}
		{CFFC3B72-A9F5-3144-B273-CC0975C7A3CE} = {CFFC3B72-A9F5-3144-B273-CC0975C7A3CE}
		{00A5FE4F-ECDA-32B0-80B5-45B2C4F1F560} = {00A5FE4F-ECDA-32B0-80B5-45B2C4F1F560}
		{9887797D-A630-3981-A2C3-E4819B5D44EF} = {9887797D-A630-3981-A2C3-E4819B5D44EF}
		{C38C6C4E-FDDA-3F19-BF89-8C3E95DA4F50} = {C38C6C4E-FDDA-3F19-BF89-8C3E95DA4F50}
		{16889E21-5DE2-37F4-9580-957162092B74} = {16889E21-5DE2-37F4-9580-957162092B74}
		{9C66FE2E-4EB8-39E5-8944-D50742FC3955} = {9C66FE2E-4EB8-39E5-8944-D50742FC3955}
		{2B5709DF-11EE-3385-A31C-0564B76A7D2E} = {2B5709DF-11EE-3385-A31C-0564B76A7D2E}
		{09CC3ADD-3ACF-314F-9C43-390CE066CA83} = {09CC3ADD-3ACF-314F-9C43-390CE066CA83}
		{2D6A9C16-E752-3713-8FF6-F14DEE13B962} = {2D6A9C16-E752-3713-8FF6-F14DEE13B962}
		{F27C67A1-C5D9-362D-8829-8E7B1F7E715E} = {F27C67A1-C5D9-362D-8829-8E7B1F7E715E}
		{08A573C1-F00D-37DC-BAC9-DDCD5CD204B1} = {08A573C1-F00D-37DC-BAC9-DDCD5CD204B1}
		{1408CDA0-BD7F-340C-8292-782E207A185A} = {1408CDA0-BD7F-340C-8292-782E207A185A}
		{00992833-266C-3210-84AD-B5A69EB8967C} = {00992833-266C-3210-84AD-B5A69EB8967C}
		{02FE5761-A86B-37B5-B730-6AA6A678C002} = {02FE5761-A86B-37B5-B730-6AA6A678C002}
		{EDC0E9AB-C064-3196-9E7C-F43086754921} = {EDC0E9AB-C064-3196-9E7C-F43086754921}
		{81538A09-264F-3A0E-9A1D-D351773C7A4E} = {81538A09-264F-3A0E-9A1D-D351773C7A4E}
		{33B33976-6593-327E-95E2-3EDF02651DF4} = {33B33976-6593-327E-95E2-3EDF02651DF4}
		{E30284EB-86B2-37C7-B07A-B217D42A8DF5} = {E30284EB-86B2-37C7-B07A-B217D42A8DF5}
		{3F8A7ED1-6123-3B0E-8B03-87656408EF3B} = {3F8A7ED1-6123-3B0E-8B03-87656408EF3B}
		{97389A8E-F7C2-3E9B-8B10-5D74656782B8} = {97389A8E-F7C2-3E9B-8B10-5D74656782B8}
		{BEE5DF2E-9677-35B1-AB96-2BB6932EEC91} = {BEE5DF2E-9677-35B1-AB96-2BB6932EEC91}
		{F87B6C34-002F-3DCF-B491-C234920C4194} = {F87B6C34-002F-3DCF-B491-C234920C4194}
		{D83AAA23-DCF0-3943-9CFE-D5F33F018022} = {D83AAA23-DCF0-3943-9CFE-D5F33F018022}
		{8C23F9E9-F0DB-3596-86EB-F68761CDD6DB} = {8C23F9E9-F0DB-3596-86EB-F68761CDD6DB}
		{519D6075-330C-378D-A9F8-71B0D1796FD8} = {519D6075-330C-378D-A9F8-71B0D1796FD8}
	EndProjectSection
EndProject
Project("{8BC9CEB8-8B4A-11D0-8D11-00A0C91BC942}") = "ANTTWEAKBAR_116_OGLCORE_GLFW", "external\ANTTWEAKBAR_116_OGLCORE_GLFW.vcxproj", "{5F9078CD-F800-3DE8-8569-761E5552F14C}"
	ProjectSection(ProjectDependencies) = postProject
		{D6031D6A-5540-34BB-A022-79B8D0FBFA08} = {D6031D6A-5540-34BB-A022-79B8D0FBFA08}
	EndProjectSection
EndProject
Project("{8BC9CEB8-8B4A-11D0-8D11-00A0C91BC942}") = "BulletCollision", "external\bullet-2.81-rev2613\src\BulletCollision\BulletCollision.vcxproj", "{8D33CDDF-C15D-3B03-81EB-E85255BC10D3}"
	ProjectSection(ProjectDependencies) = postProject
		{D6031D6A-5540-34BB-A022-79B8D0FBFA08} = {D6031D6A-5540-34BB-A022-79B8D0FBFA08}
	EndProjectSection
EndProject
Project("{8BC9CEB8-8B4A-11D0-8D11-00A0C91BC942}") = "BulletDynamics", "external\bullet-2.81-rev2613\src\BulletDynamics\BulletDynamics.vcxproj", "{E0B632B6-0B22-32A2-87C1-77646E9BA3B5}"
	ProjectSection(ProjectDependencies) = postProject
		{D6031D6A-5540-34BB-A022-79B8D0FBFA08} = {D6031D6A-5540-34BB-A022-79B8D0FBFA08}
	EndProjectSection
EndProject
Project("{8BC9CEB8-8B4A-11D0-8D11-00A0C91BC942}") = "BulletSoftBody", "external\bullet-2.81-rev2613\src\BulletSoftBody\BulletSoftBody.vcxproj", "{3A59D57D-A175-3D00-BA2F-40E29C65AA56}"
	ProjectSection(ProjectDependencies) = postProject
		{D6031D6A-5540-34BB-A022-79B8D0FBFA08} = {D6031D6A-5540-34BB-A022-79B8D0FBFA08}
	EndProjectSection
EndProject
Project("{8BC9CEB8-8B4A-11D0-8D11-00A0C91BC942}") = "GLEW_1130", "external\GLEW_1130.vcxproj", "{6DBFB1D6-6D76-3699-AC81-40CF24AED34D}"
	ProjectSection(ProjectDependencies) = postProject
		{D6031D6A-5540-34BB-A022-79B8D0FBFA08} = {D6031D6A-5540-34BB-A022-79B8D0FBFA08}
	EndProjectSection
EndProject
Project("{8BC9CEB8-8B4A-11D0-8D11-00A0C91BC942}") = "INSTALL", "INSTALL.vcxproj", "{A0726F61-4E24-3BDD-9C44-5C988B7FAC8E}"
	ProjectSection(ProjectDependencies) = postProject
		{40B6FD1E-552E-3D85-910B-4171AF246B12} = {40B6FD1E-552E-3D85-910B-4171AF246B12}
		{D6031D6A-5540-34BB-A022-79B8D0FBFA08} = {D6031D6A-5540-34BB-A022-79B8D0FBFA08}
	EndProjectSection
EndProject
Project("{8BC9CEB8-8B4A-11D0-8D11-00A0C91BC942}") = "LinearMath", "external\bullet-2.81-rev2613\src\LinearMath\LinearMath.vcxproj", "{D36E9B0B-DAA8-35D3-BC0F-99C5E7B3F8FA}"
	ProjectSection(ProjectDependencies) = postProject
		{D6031D6A-5540-34BB-A022-79B8D0FBFA08} = {D6031D6A-5540-34BB-A022-79B8D0FBFA08}
	EndProjectSection
EndProject
Project("{8BC9CEB8-8B4A-11D0-8D11-00A0C91BC942}") = "ZERO_CHECK", "ZERO_CHECK.vcxproj", "{D6031D6A-5540-34BB-A022-79B8D0FBFA08}"
	ProjectSection(ProjectDependencies) = postProject
	EndProjectSection
EndProject
Project("{8BC9CEB8-8B4A-11D0-8D11-00A0C91BC942}") = "assimp", "external\assimp-3.0.1270\code\assimp.vcxproj", "{E9665188-311B-3B36-8A20-D709BEADEC6F}"
	ProjectSection(ProjectDependencies) = postProject
		{D6031D6A-5540-34BB-A022-79B8D0FBFA08} = {D6031D6A-5540-34BB-A022-79B8D0FBFA08}
		{519D6075-330C-378D-A9F8-71B0D1796FD8} = {519D6075-330C-378D-A9F8-71B0D1796FD8}
	EndProjectSection
EndProject
Project("{8BC9CEB8-8B4A-11D0-8D11-00A0C91BC942}") = "boing", "external\glfw-3.1.2\examples\boing.vcxproj", "{83F01E38-D377-36C0-AE43-0ECF10D625DF}"
	ProjectSection(ProjectDependencies) = postProject
		{D6031D6A-5540-34BB-A022-79B8D0FBFA08} = {D6031D6A-5540-34BB-A022-79B8D0FBFA08}
		{11334175-A683-3A4C-A79A-EA7076404CCB} = {11334175-A683-3A4C-A79A-EA7076404CCB}
	EndProjectSection
EndProject
Project("{8BC9CEB8-8B4A-11D0-8D11-00A0C91BC942}") = "clipboard", "external\glfw-3.1.2\tests\clipboard.vcxproj", "{17DA8B0E-EE8D-3BA8-93C8-CF526D34961D}"
	ProjectSection(ProjectDependencies) = postProject
		{D6031D6A-5540-34BB-A022-79B8D0FBFA08} = {D6031D6A-5540-34BB-A022-79B8D0FBFA08}
		{11334175-A683-3A4C-A79A-EA7076404CCB} = {11334175-A683-3A4C-A79A-EA7076404CCB}
	EndProjectSection
EndProject
Project("{8BC9CEB8-8B4A-11D0-8D11-00A0C91BC942}") = "cursor", "external\glfw-3.1.2\tests\cursor.vcxproj", "{C006935C-8283-3B97-937A-2D23D5D06EB8}"
	ProjectSection(ProjectDependencies) = postProject
		{D6031D6A-5540-34BB-A022-79B8D0FBFA08} = {D6031D6A-5540-34BB-A022-79B8D0FBFA08}
		{11334175-A683-3A4C-A79A-EA7076404CCB} = {11334175-A683-3A4C-A79A-EA7076404CCB}
	EndProjectSection
EndProject
Project("{8BC9CEB8-8B4A-11D0-8D11-00A0C91BC942}") = "empty", "external\glfw-3.1.2\tests\empty.vcxproj", "{C78C1D03-4BD4-31EE-B59D-21FE47338179}"
	ProjectSection(ProjectDependencies) = postProject
		{D6031D6A-5540-34BB-A022-79B8D0FBFA08} = {D6031D6A-5540-34BB-A022-79B8D0FBFA08}
		{11334175-A683-3A4C-A79A-EA7076404CCB} = {11334175-A683-3A4C-A79A-EA7076404CCB}
	EndProjectSection
EndProject
Project("{8BC9CEB8-8B4A-11D0-8D11-00A0C91BC942}") = "events", "external\glfw-3.1.2\tests\events.vcxproj", "{FC0A1440-BDF4-3A65-84F7-ED5F24A87E9C}"
	ProjectSection(ProjectDependencies) = postProject
		{D6031D6A-5540-34BB-A022-79B8D0FBFA08} = {D6031D6A-5540-34BB-A022-79B8D0FBFA08}
		{11334175-A683-3A4C-A79A-EA7076404CCB} = {11334175-A683-3A4C-A79A-EA7076404CCB}
	EndProjectSection
EndProject
Project("{8BC9CEB8-8B4A-11D0-8D11-00A0C91BC942}") = "gamma", "external\glfw-3.1.2\tests\gamma.vcxproj", "{04574EF7-3545-3208-98B9-6B1422062E14}"
	ProjectSection(ProjectDependencies) = postProject
		{D6031D6A-5540-34BB-A022-79B8D0FBFA08} = {D6031D6A-5540-34BB-A022-79B8D0FBFA08}
		{11334175-A683-3A4C-A79A-EA7076404CCB} = {11334175-A683-3A4C-A79A-EA7076404CCB}
	EndProjectSection
EndProject
Project("{8BC9CEB8-8B4A-11D0-8D11-00A0C91BC942}") = "gears", "external\glfw-3.1.2\examples\gears.vcxproj", "{E751882B-33DA-38AB-AAE7-E6757A0FC845}"
	ProjectSection(ProjectDependencies) = postProject
		{D6031D6A-5540-34BB-A022-79B8D0FBFA08} = {D6031D6A-5540-34BB-A022-79B8D0FBFA08}
		{11334175-A683-3A4C-A79A-EA7076404CCB} = {11334175-A683-3A4C-A79A-EA7076404CCB}
	EndProjectSection
EndProject
Project("{8BC9CEB8-8B4A-11D0-8D11-00A0C91BC942}") = "glfw", "external\glfw-3.1.2\src\glfw.vcxproj", "{11334175-A683-3A4C-A79A-EA7076404CCB}"
	ProjectSection(ProjectDependencies) = postProject
		{D6031D6A-5540-34BB-A022-79B8D0FBFA08} = {D6031D6A-5540-34BB-A022-79B8D0FBFA08}
	EndProjectSection
EndProject
Project("{8BC9CEB8-8B4A-11D0-8D11-00A0C91BC942}") = "glfwinfo", "external\glfw-3.1.2\tests\glfwinfo.vcxproj", "{260DAC0D-EF59-312C-AB89-40BDE75EB9AA}"
	ProjectSection(ProjectDependencies) = postProject
		{D6031D6A-5540-34BB-A022-79B8D0FBFA08} = {D6031D6A-5540-34BB-A022-79B8D0FBFA08}
		{11334175-A683-3A4C-A79A-EA7076404CCB} = {11334175-A683-3A4C-A79A-EA7076404CCB}
	EndProjectSection
EndProject
Project("{8BC9CEB8-8B4A-11D0-8D11-00A0C91BC942}") = "heightmap", "external\glfw-3.1.2\examples\heightmap.vcxproj", "{8EBB8E25-B5BA-378F-8C09-5767DF2F3050}"
	ProjectSection(ProjectDependencies) = postProject
		{D6031D6A-5540-34BB-A022-79B8D0FBFA08} = {D6031D6A-5540-34BB-A022-79B8D0FBFA08}
		{11334175-A683-3A4C-A79A-EA7076404CCB} = {11334175-A683-3A4C-A79A-EA7076404CCB}
	EndProjectSection
EndProject
Project("{8BC9CEB8-8B4A-11D0-8D11-00A0C91BC942}") = "iconify", "external\glfw-3.1.2\tests\iconify.vcxproj", "{A4F96AF6-7C85-3959-A5DB-321EA250D884}"
	ProjectSection(ProjectDependencies) = postProject
		{D6031D6A-5540-34BB-A022-79B8D0FBFA08} = {D6031D6A-5540-34BB-A022-79B8D0FBFA08}
		{11334175-A683-3A4C-A79A-EA7076404CCB} = {11334175-A683-3A4C-A79A-EA7076404CCB}
	EndProjectSection
EndProject
Project("{8BC9CEB8-8B4A-11D0-8D11-00A0C91BC942}") = "joysticks", "external\glfw-3.1.2\tests\joysticks.vcxproj", "{0308B410-BC82-3FF6-9834-01BE79D69B8F}"
	ProjectSection(ProjectDependencies) = postProject
		{D6031D6A-5540-34BB-A022-79B8D0FBFA08} = {D6031D6A-5540-34BB-A022-79B8D0FBFA08}
		{11334175-A683-3A4C-A79A-EA7076404CCB} = {11334175-A683-3A4C-A79A-EA7076404CCB}
	EndProjectSection
EndProject
Project("{8BC9CEB8-8B4A-11D0-8D11-00A0C91BC942}") = "misc05_picking_BulletPhysics", "misc05_picking_BulletPhysics.vcxproj", "{18BC8F92-D0D2-370D-986A-38FD4BBEA192}"
	ProjectSection(ProjectDependencies) = postProject
		{5F9078CD-F800-3DE8-8569-761E5552F14C} = {5F9078CD-F800-3DE8-8569-761E5552F14C}
		{8D33CDDF-C15D-3B03-81EB-E85255BC10D3} = {8D33CDDF-C15D-3B03-81EB-E85255BC10D3}
		{E0B632B6-0B22-32A2-87C1-77646E9BA3B5} = {E0B632B6-0B22-32A2-87C1-77646E9BA3B5}
		{6DBFB1D6-6D76-3699-AC81-40CF24AED34D} = {6DBFB1D6-6D76-3699-AC81-40CF24AED34D}
		{D36E9B0B-DAA8-35D3-BC0F-99C5E7B3F8FA} = {D36E9B0B-DAA8-35D3-BC0F-99C5E7B3F8FA}
		{D6031D6A-5540-34BB-A022-79B8D0FBFA08} = {D6031D6A-5540-34BB-A022-79B8D0FBFA08}
		{11334175-A683-3A4C-A79A-EA7076404CCB} = {11334175-A683-3A4C-A79A-EA7076404CCB}
	EndProjectSection
EndProject
Project("{8BC9CEB8-8B4A-11D0-8D11-00A0C91BC942}") = "misc05_picking_custom", "misc05_picking_custom.vcxproj", "{7742A460-2231-336F-8427-EA4D4B4FAA39}"
	ProjectSection(ProjectDependencies) = postProject
		{5F9078CD-F800-3DE8-8569-761E5552F14C} = {5F9078CD-F800-3DE8-8569-761E5552F14C}
		{6DBFB1D6-6D76-3699-AC81-40CF24AED34D} = {6DBFB1D6-6D76-3699-AC81-40CF24AED34D}
		{D6031D6A-5540-34BB-A022-79B8D0FBFA08} = {D6031D6A-5540-34BB-A022-79B8D0FBFA08}
		{11334175-A683-3A4C-A79A-EA7076404CCB} = {11334175-A683-3A4C-A79A-EA7076404CCB}
	EndProjectSection
EndProject
Project("{8BC9CEB8-8B4A-11D0-8D11-00A0C91BC942}") = "misc05_picking_slow_easy", "misc05_picking_slow_easy.vcxproj", "{1C62A227-94C5-343E-B791-9CACDF6597BC}"
	ProjectSection(ProjectDependencies) = postProject
		{5F9078CD-F800-3DE8-8569-761E5552F14C} = {5F9078CD-F800-3DE8-8569-761E5552F14C}
		{6DBFB1D6-6D76-3699-AC81-40CF24AED34D} = {6DBFB1D6-6D76-3699-AC81-40CF24AED34D}
		{D6031D6A-5540-34BB-A022-79B8D0FBFA08} = {D6031D6A-5540-34BB-A022-79B8D0FBFA08}
		{11334175-A683-3A4C-A79A-EA7076404CCB} = {11334175-A683-3A4C-A79A-EA7076404CCB}
	EndProjectSection
EndProject
Project("{8BC9CEB8-8B4A-11D0-8D11-00A0C91BC942}") = "monitors", "external\glfw-3.1.2\tests\monitors.vcxproj", "{7BE93266-0E8D-3E62-8118-BE5D12DC2488}"
	ProjectSection(ProjectDependencies) = postProject
		{D6031D6A-5540-34BB-A022-79B8D0FBFA08} = {D6031D6A-5540-34BB-A022-79B8D0FBFA08}
		{11334175-A683-3A4C-A79A-EA7076404CCB} = {11334175-A683-3A4C-A79A-EA7076404CCB}
	EndProjectSection
EndProject
Project("{8BC9CEB8-8B4A-11D0-8D11-00A0C91BC942}") = "msaa", "external\glfw-3.1.2\tests\msaa.vcxproj", "{9F00EBD8-1A60-3CAF-B4C3-2E88BBB46861}"
	ProjectSection(ProjectDependencies) = postProject
		{D6031D6A-5540-34BB-A022-79B8D0FBFA08} = {D6031D6A-5540-34BB-A022-79B8D0FBFA08}
		{11334175-A683-3A4C-A79A-EA7076404CCB} = {11334175-A683-3A4C-A79A-EA7076404CCB}
	EndProjectSection
EndProject
Project("{8BC9CEB8-8B4A-11D0-8D11-00A0C91BC942}") = "particles", "external\glfw-3.1.2\examples\particles.vcxproj", "{4A505642-C4B4-3F6B-A34A-2C2D3A6CB9D9}"
	ProjectSection(ProjectDependencies) = postProject
		{D6031D6A-5540-34BB-A022-79B8D0FBFA08} = {D6031D6A-5540-34BB-A022-79B8D0FBFA08}
		{11334175-A683-3A4C-A79A-EA7076404CCB} = {11334175-A683-3A4C-A79A-EA7076404CCB}
	EndProjectSection
EndProject
Project("{8BC9CEB8-8B4A-11D0-8D11-00A0C91BC942}") = "playground", "playground.vcxproj", "{C7C81401-B570-3AE1-8944-7336486BBFDC}"
	ProjectSection(ProjectDependencies) = postProject
		{6DBFB1D6-6D76-3699-AC81-40CF24AED34D} = {6DBFB1D6-6D76-3699-AC81-40CF24AED34D}
		{D6031D6A-5540-34BB-A022-79B8D0FBFA08} = {D6031D6A-5540-34BB-A022-79B8D0FBFA08}
		{11334175-A683-3A4C-A79A-EA7076404CCB} = {11334175-A683-3A4C-A79A-EA7076404CCB}
	EndProjectSection
EndProject
Project("{8BC9CEB8-8B4A-11D0-8D11-00A0C91BC942}") = "reopen", "external\glfw-3.1.2\tests\reopen.vcxproj", "{370C4589-865D-3DBB-A3DF-27012149F0AD}"
	ProjectSection(ProjectDependencies) = postProject
		{D6031D6A-5540-34BB-A022-79B8D0FBFA08} = {D6031D6A-5540-34BB-A022-79B8D0FBFA08}
		{11334175-A683-3A4C-A79A-EA7076404CCB} = {11334175-A683-3A4C-A79A-EA7076404CCB}
	EndProjectSection
EndProject
Project("{8BC9CEB8-8B4A-11D0-8D11-00A0C91BC942}") = "sharing", "external\glfw-3.1.2\tests\sharing.vcxproj", "{D11D527E-2AD1-3E70-9B6F-0F959F4145E8}"
	ProjectSection(ProjectDependencies) = postProject
		{D6031D6A-5540-34BB-A022-79B8D0FBFA08} = {D6031D6A-5540-34BB-A022-79B8D0FBFA08}
		{11334175-A683-3A4C-A79A-EA7076404CCB} = {11334175-A683-3A4C-A79A-EA7076404CCB}
	EndProjectSection
EndProject
Project("{8BC9CEB8-8B4A-11D0-8D11-00A0C91BC942}") = "simple", "external\glfw-3.1.2\examples\simple.vcxproj", "{DD1C2C45-CAD4-3E6A-ACA3-C99E9252DBF9}"
	ProjectSection(ProjectDependencies) = postProject
		{D6031D6A-5540-34BB-A022-79B8D0FBFA08} = {D6031D6A-5540-34BB-A022-79B8D0FBFA08}
		{11334175-A683-3A4C-A79A-EA7076404CCB} = {11334175-A683-3A4C-A79A-EA7076404CCB}
	EndProjectSection
EndProject
Project("{8BC9CEB8-8B4A-11D0-8D11-00A0C91BC942}") = "splitview", "external\glfw-3.1.2\examples\splitview.vcxproj", "{1127445A-A1A0-334A-A14B-5190ECF5E7E5}"
	ProjectSection(ProjectDependencies) = postProject
		{D6031D6A-5540-34BB-A022-79B8D0FBFA08} = {D6031D6A-5540-34BB-A022-79B8D0FBFA08}
		{11334175-A683-3A4C-A79A-EA7076404CCB} = {11334175-A683-3A4C-A79A-EA7076404CCB}
	EndProjectSection
EndProject
Project("{8BC9CEB8-8B4A-11D0-8D11-00A0C91BC942}") = "tearing", "external\glfw-3.1.2\tests\tearing.vcxproj", "{5FC0559B-C63D-3BA5-BB19-3B3FABD4EDFD}"
	ProjectSection(ProjectDependencies) = postProject
		{D6031D6A-5540-34BB-A022-79B8D0FBFA08} = {D6031D6A-5540-34BB-A022-79B8D0FBFA08}
		{11334175-A683-3A4C-A79A-EA7076404CCB} = {11334175-A683-3A4C-A79A-EA7076404CCB}
	EndProjectSection
EndProject
Project("{8BC9CEB8-8B4A-11D0-8D11-00A0C91BC942}") = "threads", "external\glfw-3.1.2\tests\threads.vcxproj", "{9B0DADD0-3CEF-34EB-BFBE-7BD797968A76}"
	ProjectSection(ProjectDependencies) = postProject
		{D6031D6A-5540-34BB-A022-79B8D0FBFA08} = {D6031D6A-5540-34BB-A022-79B8D0FBFA08}
		{11334175-A683-3A4C-A79A-EA7076404CCB} = {11334175-A683-3A4C-A79A-EA7076404CCB}
	EndProjectSection
EndProject
Project("{8BC9CEB8-8B4A-11D0-8D11-00A0C91BC942}") = "title", "external\glfw-3.1.2\tests\title.vcxproj", "{6E3B361B-A4C6-3E0A-BF94-7DE9FBA98DE1}"
	ProjectSection(ProjectDependencies) = postProject
		{D6031D6A-5540-34BB-A022-79B8D0FBFA08} = {D6031D6A-5540-34BB-A022-79B8D0FBFA08}
		{11334175-A683-3A4C-A79A-EA7076404CCB} = {11334175-A683-3A4C-A79A-EA7076404CCB}
	EndProjectSection
EndProject
Project("{8BC9CEB8-8B4A-11D0-8D11-00A0C91BC942}") = "tutorial01_first_window", "tutorial01_first_window.vcxproj", "{CFFC3B72-A9F5-3144-B273-CC0975C7A3CE}"
	ProjectSection(ProjectDependencies) = postProject
		{6DBFB1D6-6D76-3699-AC81-40CF24AED34D} = {6DBFB1D6-6D76-3699-AC81-40CF24AED34D}
		{D6031D6A-5540-34BB-A022-79B8D0FBFA08} = {D6031D6A-5540-34BB-A022-79B8D0FBFA08}
		{11334175-A683-3A4C-A79A-EA7076404CCB} = {11334175-A683-3A4C-A79A-EA7076404CCB}
	EndProjectSection
EndProject
Project("{8BC9CEB8-8B4A-11D0-8D11-00A0C91BC942}") = "tutorial02_red_triangle", "tutorial02_red_triangle.vcxproj", "{00A5FE4F-ECDA-32B0-80B5-45B2C4F1F560}"
	ProjectSection(ProjectDependencies) = postProject
		{6DBFB1D6-6D76-3699-AC81-40CF24AED34D} = {6DBFB1D6-6D76-3699-AC81-40CF24AED34D}
		{D6031D6A-5540-34BB-A022-79B8D0FBFA08} = {D6031D6A-5540-34BB-A022-79B8D0FBFA08}
		{11334175-A683-3A4C-A79A-EA7076404CCB} = {11334175-A683-3A4C-A79A-EA7076404CCB}
	EndProjectSection
EndProject
Project("{8BC9CEB8-8B4A-11D0-8D11-00A0C91BC942}") = "tutorial03_matrices", "tutorial03_matrices.vcxproj", "{9887797D-A630-3981-A2C3-E4819B5D44EF}"
	ProjectSection(ProjectDependencies) = postProject
		{6DBFB1D6-6D76-3699-AC81-40CF24AED34D} = {6DBFB1D6-6D76-3699-AC81-40CF24AED34D}
		{D6031D6A-5540-34BB-A022-79B8D0FBFA08} = {D6031D6A-5540-34BB-A022-79B8D0FBFA08}
		{11334175-A683-3A4C-A79A-EA7076404CCB} = {11334175-A683-3A4C-A79A-EA7076404CCB}
	EndProjectSection
EndProject
Project("{8BC9CEB8-8B4A-11D0-8D11-00A0C91BC942}") = "tutorial04_colored_cube", "tutorial04_colored_cube.vcxproj", "{C38C6C4E-FDDA-3F19-BF89-8C3E95DA4F50}"
	ProjectSection(ProjectDependencies) = postProject
		{6DBFB1D6-6D76-3699-AC81-40CF24AED34D} = {6DBFB1D6-6D76-3699-AC81-40CF24AED34D}
		{D6031D6A-5540-34BB-A022-79B8D0FBFA08} = {D6031D6A-5540-34BB-A022-79B8D0FBFA08}
		{11334175-A683-3A4C-A79A-EA7076404CCB} = {11334175-A683-3A4C-A79A-EA7076404CCB}
	EndProjectSection
EndProject
Project("{8BC9CEB8-8B4A-11D0-8D11-00A0C91BC942}") = "tutorial05_textured_cube", "tutorial05_textured_cube.vcxproj", "{16889E21-5DE2-37F4-9580-957162092B74}"
	ProjectSection(ProjectDependencies) = postProject
		{6DBFB1D6-6D76-3699-AC81-40CF24AED34D} = {6DBFB1D6-6D76-3699-AC81-40CF24AED34D}
		{D6031D6A-5540-34BB-A022-79B8D0FBFA08} = {D6031D6A-5540-34BB-A022-79B8D0FBFA08}
		{11334175-A683-3A4C-A79A-EA7076404CCB} = {11334175-A683-3A4C-A79A-EA7076404CCB}
	EndProjectSection
EndProject
Project("{8BC9CEB8-8B4A-11D0-8D11-00A0C91BC942}") = "tutorial06_keyboard_and_mouse", "tutorial06_keyboard_and_mouse.vcxproj", "{9C66FE2E-4EB8-39E5-8944-D50742FC3955}"
	ProjectSection(ProjectDependencies) = postProject
		{6DBFB1D6-6D76-3699-AC81-40CF24AED34D} = {6DBFB1D6-6D76-3699-AC81-40CF24AED34D}
		{D6031D6A-5540-34BB-A022-79B8D0FBFA08} = {D6031D6A-5540-34BB-A022-79B8D0FBFA08}
		{11334175-A683-3A4C-A79A-EA7076404CCB} = {11334175-A683-3A4C-A79A-EA7076404CCB}
	EndProjectSection
EndProject
Project("{8BC9CEB8-8B4A-11D0-8D11-00A0C91BC942}") = "tutorial07_model_loading", "tutorial07_model_loading.vcxproj", "{2B5709DF-11EE-3385-A31C-0564B76A7D2E}"
	ProjectSection(ProjectDependencies) = postProject
		{6DBFB1D6-6D76-3699-AC81-40CF24AED34D} = {6DBFB1D6-6D76-3699-AC81-40CF24AED34D}
		{D6031D6A-5540-34BB-A022-79B8D0FBFA08} = {D6031D6A-5540-34BB-A022-79B8D0FBFA08}
		{11334175-A683-3A4C-A79A-EA7076404CCB} = {11334175-A683-3A4C-A79A-EA7076404CCB}
	EndProjectSection
EndProject
Project("{8BC9CEB8-8B4A-11D0-8D11-00A0C91BC942}") = "tutorial08_basic_shading", "tutorial08_basic_shading.vcxproj", "{09CC3ADD-3ACF-314F-9C43-390CE066CA83}"
	ProjectSection(ProjectDependencies) = postProject
		{6DBFB1D6-6D76-3699-AC81-40CF24AED34D} = {6DBFB1D6-6D76-3699-AC81-40CF24AED34D}
		{D6031D6A-5540-34BB-A022-79B8D0FBFA08} = {D6031D6A-5540-34BB-A022-79B8D0FBFA08}
		{11334175-A683-3A4C-A79A-EA7076404CCB} = {11334175-A683-3A4C-A79A-EA7076404CCB}
	EndProjectSection
EndProject
Project("{8BC9CEB8-8B4A-11D0-8D11-00A0C91BC942}") = "tutorial09_AssImp", "tutorial09_AssImp.vcxproj", "{2D6A9C16-E752-3713-8FF6-F14DEE13B962}"
	ProjectSection(ProjectDependencies) = postProject
		{6DBFB1D6-6D76-3699-AC81-40CF24AED34D} = {6DBFB1D6-6D76-3699-AC81-40CF24AED34D}
		{D6031D6A-5540-34BB-A022-79B8D0FBFA08} = {D6031D6A-5540-34BB-A022-79B8D0FBFA08}
		{E9665188-311B-3B36-8A20-D709BEADEC6F} = {E9665188-311B-3B36-8A20-D709BEADEC6F}
		{11334175-A683-3A4C-A79A-EA7076404CCB} = {11334175-A683-3A4C-A79A-EA7076404CCB}
		{519D6075-330C-378D-A9F8-71B0D1796FD8} = {519D6075-330C-378D-A9F8-71B0D1796FD8}
	EndProjectSection
EndProject
Project("{8BC9CEB8-8B4A-11D0-8D11-00A0C91BC942}") = "tutorial09_several_objects", "tutorial09_several_objects.vcxproj", "{F27C67A1-C5D9-362D-8829-8E7B1F7E715E}"
	ProjectSection(ProjectDependencies) = postProject
		{6DBFB1D6-6D76-3699-AC81-40CF24AED34D} = {6DBFB1D6-6D76-3699-AC81-40CF24AED34D}
		{D6031D6A-5540-34BB-A022-79B8D0FBFA08} = {D6031D6A-5540-34BB-A022-79B8D0FBFA08}
		{11334175-A683-3A4C-A79A-EA7076404CCB} = {11334175-A683-3A4C-A79A-EA7076404CCB}
	EndProjectSection
EndProject
Project("{8BC9CEB8-8B4A-11D0-8D11-00A0C91BC942}") = "tutorial09_vbo_indexing", "tutorial09_vbo_indexing.vcxproj", "{08A573C1-F00D-37DC-BAC9-DDCD5CD204B1}"
	ProjectSection(ProjectDependencies) = postProject
		{6DBFB1D6-6D76-3699-AC81-40CF24AED34D} = {6DBFB1D6-6D76-3699-AC81-40CF24AED34D}
		{D6031D6A-5540-34BB-A022-79B8D0FBFA08} = {D6031D6A-5540-34BB-A022-79B8D0FBFA08}
		{11334175-A683-3A4C-A79A-EA7076404CCB} = {11334175-A683-3A4C-A79A-EA7076404CCB}
	EndProjectSection
EndProject
Project("{8BC9CEB8-8B4A-11D0-8D11-00A0C91BC942}") = "tutorial10_transparency", "tutorial10_transparency.vcxproj", "{1408CDA0-BD7F-340C-8292-782E207A185A}"
	ProjectSection(ProjectDependencies) = postProject
		{6DBFB1D6-6D76-3699-AC81-40CF24AED34D} = {6DBFB1D6-6D76-3699-AC81-40CF24AED34D}
		{D6031D6A-5540-34BB-A022-79B8D0FBFA08} = {D6031D6A-5540-34BB-A022-79B8D0FBFA08}
		{11334175-A683-3A4C-A79A-EA7076404CCB} = {11334175-A683-3A4C-A79A-EA7076404CCB}
	EndProjectSection
EndProject
Project("{8BC9CEB8-8B4A-11D0-8D11-00A0C91BC942}") = "tutorial11_2d_fonts", "tutorial11_2d_fonts.vcxproj", "{00992833-266C-3210-84AD-B5A69EB8967C}"
	ProjectSection(ProjectDependencies) = postProject
		{6DBFB1D6-6D76-3699-AC81-40CF24AED34D} = {6DBFB1D6-6D76-3699-AC81-40CF24AED34D}
		{D6031D6A-5540-34BB-A022-79B8D0FBFA08} = {D6031D6A-5540-34BB-A022-79B8D0FBFA08}
		{11334175-A683-3A4C-A79A-EA7076404CCB} = {11334175-A683-3A4C-A79A-EA7076404CCB}
	EndProjectSection
EndProject
Project("{8BC9CEB8-8B4A-11D0-8D11-00A0C91BC942}") = "tutorial12_extensions", "tutorial12_extensions.vcxproj", "{02FE5761-A86B-37B5-B730-6AA6A678C002}"
	ProjectSection(ProjectDependencies) = postProject
		{6DBFB1D6-6D76-3699-AC81-40CF24AED34D} = {6DBFB1D6-6D76-3699-AC81-40CF24AED34D}
		{D6031D6A-5540-34BB-A022-79B8D0FBFA08} = {D6031D6A-5540-34BB-A022-79B8D0FBFA08}
		{11334175-A683-3A4C-A79A-EA7076404CCB} = {11334175-A683-3A4C-A79A-EA7076404CCB}
	EndProjectSection
EndProject
Project("{8BC9CEB8-8B4A-11D0-8D11-00A0C91BC942}") = "tutorial13_normal_mapping", "tutorial13_normal_mapping.vcxproj", "{EDC0E9AB-C064-3196-9E7C-F43086754921}"
	ProjectSection(ProjectDependencies) = postProject
		{6DBFB1D6-6D76-3699-AC81-40CF24AED34D} = {6DBFB1D6-6D76-3699-AC81-40CF24AED34D}
		{D6031D6A-5540-34BB-A022-79B8D0FBFA08} = {D6031D6A-5540-34BB-A022-79B8D0FBFA08}
		{11334175-A683-3A4C-A79A-EA7076404CCB} = {11334175-A683-3A4C-A79A-EA7076404CCB}
	EndProjectSection
EndProject
Project("{8BC9CEB8-8B4A-11D0-8D11-00A0C91BC942}") = "tutorial14_render_to_texture", "tutorial14_render_to_texture.vcxproj", "{81538A09-264F-3A0E-9A1D-D351773C7A4E}"
	ProjectSection(ProjectDependencies) = postProject
		{6DBFB1D6-6D76-3699-AC81-40CF24AED34D} = {6DBFB1D6-6D76-3699-AC81-40CF24AED34D}
		{D6031D6A-5540-34BB-A022-79B8D0FBFA08} = {D6031D6A-5540-34BB-A022-79B8D0FBFA08}
		{11334175-A683-3A4C-A79A-EA7076404CCB} = {11334175-A683-3A4C-A79A-EA7076404CCB}
	EndProjectSection
EndProject
Project("{8BC9CEB8-8B4A-11D0-8D11-00A0C91BC942}") = "tutorial15_lightmaps", "tutorial15_lightmaps.vcxproj", "{33B33976-6593-327E-95E2-3EDF02651DF4}"
	ProjectSection(ProjectDependencies) = postProject
		{6DBFB1D6-6D76-3699-AC81-40CF24AED34D} = {6DBFB1D6-6D76-3699-AC81-40CF24AED34D}
		{D6031D6A-5540-34BB-A022-79B8D0FBFA08} = {D6031D6A-5540-34BB-A022-79B8D0FBFA08}
		{11334175-A683-3A4C-A79A-EA7076404CCB} = {11334175-A683-3A4C-A79A-EA7076404CCB}
	EndProjectSection
EndProject
Project("{8BC9CEB8-8B4A-11D0-8D11-00A0C91BC942}") = "tutorial16_shadowmaps", "tutorial16_shadowmaps.vcxproj", "{E30284EB-86B2-37C7-B07A-B217D42A8DF5}"
	ProjectSection(ProjectDependencies) = postProject
		{6DBFB1D6-6D76-3699-AC81-40CF24AED34D} = {6DBFB1D6-6D76-3699-AC81-40CF24AED34D}
		{D6031D6A-5540-34BB-A022-79B8D0FBFA08} = {D6031D6A-5540-34BB-A022-79B8D0FBFA08}
		{11334175-A683-3A4C-A79A-EA7076404CCB} = {11334175-A683-3A4C-A79A-EA7076404CCB}
	EndProjectSection
EndProject
Project("{8BC9CEB8-8B4A-11D0-8D11-00A0C91BC942}") = "tutorial16_shadowmaps_simple", "tutorial16_shadowmaps_simple.vcxproj", "{3F8A7ED1-6123-3B0E-8B03-87656408EF3B}"
	ProjectSection(ProjectDependencies) = postProject
		{6DBFB1D6-6D76-3699-AC81-40CF24AED34D} = {6DBFB1D6-6D76-3699-AC81-40CF24AED34D}
		{D6031D6A-5540-34BB-A022-79B8D0FBFA08} = {D6031D6A-5540-34BB-A022-79B8D0FBFA08}
		{11334175-A683-3A4C-A79A-EA7076404CCB} = {11334175-A683-3A4C-A79A-EA7076404CCB}
	EndProjectSection
EndProject
Project("{8BC9CEB8-8B4A-11D0-8D11-00A0C91BC942}") = "tutorial17_rotations", "tutorial17_rotations.vcxproj", "{97389A8E-F7C2-3E9B-8B10-5D74656782B8}"
	ProjectSection(ProjectDependencies) = postProject
		{5F9078CD-F800-3DE8-8569-761E5552F14C} = {5F9078CD-F800-3DE8-8569-761E5552F14C}
		{6DBFB1D6-6D76-3699-AC81-40CF24AED34D} = {6DBFB1D6-6D76-3699-AC81-40CF24AED34D}
		{D6031D6A-5540-34BB-A022-79B8D0FBFA08} = {D6031D6A-5540-34BB-A022-79B8D0FBFA08}
		{11334175-A683-3A4C-A79A-EA7076404CCB} = {11334175-A683-3A4C-A79A-EA7076404CCB}
	EndProjectSection
EndProject
Project("{8BC9CEB8-8B4A-11D0-8D11-00A0C91BC942}") = "tutorial18_billboards", "tutorial18_billboards.vcxproj", "{BEE5DF2E-9677-35B1-AB96-2BB6932EEC91}"
	ProjectSection(ProjectDependencies) = postProject
		{6DBFB1D6-6D76-3699-AC81-40CF24AED34D} = {6DBFB1D6-6D76-3699-AC81-40CF24AED34D}
		{D6031D6A-5540-34BB-A022-79B8D0FBFA08} = {D6031D6A-5540-34BB-A022-79B8D0FBFA08}
		{11334175-A683-3A4C-A79A-EA7076404CCB} = {11334175-A683-3A4C-A79A-EA7076404CCB}
	EndProjectSection
EndProject
Project("{8BC9CEB8-8B4A-11D0-8D11-00A0C91BC942}") = "tutorial18_particles", "tutorial18_particles.vcxproj", "{F87B6C34-002F-3DCF-B491-C234920C4194}"
	ProjectSection(ProjectDependencies) = postProject
		{6DBFB1D6-6D76-3699-AC81-40CF24AED34D} = {6DBFB1D6-6D76-3699-AC81-40CF24AED34D}
		{D6031D6A-5540-34BB-A022-79B8D0FBFA08} = {D6031D6A-5540-34BB-A022-79B8D0FBFA08}
		{11334175-A683-3A4C-A79A-EA7076404CCB} = {11334175-A683-3A4C-A79A-EA7076404CCB}
	EndProjectSection
EndProject
Project("{8BC9CEB8-8B4A-11D0-8D11-00A0C91BC942}") = "uninstall", "external\glfw-3.1.2\uninstall.vcxproj", "{7AFCE520-F1EF-362A-AB2B-839F71170174}"
	ProjectSection(ProjectDependencies) = postProject
		{D6031D6A-5540-34BB-A022-79B8D0FBFA08} = {D6031D6A-5540-34BB-A022-79B8D0FBFA08}
	EndProjectSection
EndProject
Project("{8BC9CEB8-8B4A-11D0-8D11-00A0C91BC942}") = "wave", "external\glfw-3.1.2\examples\wave.vcxproj", "{D83AAA23-DCF0-3943-9CFE-D5F33F018022}"
	ProjectSection(ProjectDependencies) = postProject
		{D6031D6A-5540-34BB-A022-79B8D0FBFA08} = {D6031D6A-5540-34BB-A022-79B8D0FBFA08}
		{11334175-A683-3A4C-A79A-EA7076404CCB} = {11334175-A683-3A4C-A79A-EA7076404CCB}
	EndProjectSection
EndProject
Project("{8BC9CEB8-8B4A-11D0-8D11-00A0C91BC942}") = "windows", "external\glfw-3.1.2\tests\windows.vcxproj", "{8C23F9E9-F0DB-3596-86EB-F68761CDD6DB}"
	ProjectSection(ProjectDependencies) = postProject
		{D6031D6A-5540-34BB-A022-79B8D0FBFA08} = {D6031D6A-5540-34BB-A022-79B8D0FBFA08}
		{11334175-A683-3A4C-A79A-EA7076404CCB} = {11334175-A683-3A4C-A79A-EA7076404CCB}
	EndProjectSection
EndProject
Project("{8BC9CEB8-8B4A-11D0-8D11-00A0C91BC942}") = "zlib", "external\assimp-3.0.1270\contrib\zlib\zlib.vcxproj", "{519D6075-330C-378D-A9F8-71B0D1796FD8}"
	ProjectSection(ProjectDependencies) = postProject
		{D6031D6A-5540-34BB-A022-79B8D0FBFA08} = {D6031D6A-5540-34BB-A022-79B8D0FBFA08}
	EndProjectSection
EndProject
Global
	GlobalSection(SolutionConfigurationPlatforms) = preSolution
		Debug|x64 = Debug|x64
		Release|x64 = Release|x64
		MinSizeRel|x64 = MinSizeRel|x64
		RelWithDebInfo|x64 = RelWithDebInfo|x64
	EndGlobalSection
	GlobalSection(ProjectConfigurationPlatforms) = postSolution
		{40B6FD1E-552E-3D85-910B-4171AF246B12}.Debug|x64.ActiveCfg = Debug|x64
		{40B6FD1E-552E-3D85-910B-4171AF246B12}.Debug|x64.Build.0 = Debug|x64
		{40B6FD1E-552E-3D85-910B-4171AF246B12}.Release|x64.ActiveCfg = Release|x64
		{40B6FD1E-552E-3D85-910B-4171AF246B12}.Release|x64.Build.0 = Release|x64
		{40B6FD1E-552E-3D85-910B-4171AF246B12}.MinSizeRel|x64.ActiveCfg = MinSizeRel|x64
		{40B6FD1E-552E-3D85-910B-4171AF246B12}.MinSizeRel|x64.Build.0 = MinSizeRel|x64
		{40B6FD1E-552E-3D85-910B-4171AF246B12}.RelWithDebInfo|x64.ActiveCfg = RelWithDebInfo|x64
		{40B6FD1E-552E-3D85-910B-4171AF246B12}.RelWithDebInfo|x64.Build.0 = RelWithDebInfo|x64
		{5F9078CD-F800-3DE8-8569-761E5552F14C}.Debug|x64.ActiveCfg = Debug|x64
		{5F9078CD-F800-3DE8-8569-761E5552F14C}.Debug|x64.Build.0 = Debug|x64
		{5F9078CD-F800-3DE8-8569-761E5552F14C}.Release|x64.ActiveCfg = Release|x64
		{5F9078CD-F800-3DE8-8569-761E5552F14C}.Release|x64.Build.0 = Release|x64
		{5F9078CD-F800-3DE8-8569-761E5552F14C}.MinSizeRel|x64.ActiveCfg = MinSizeRel|x64
		{5F9078CD-F800-3DE8-8569-761E5552F14C}.MinSizeRel|x64.Build.0 = MinSizeRel|x64
		{5F9078CD-F800-3DE8-8569-761E5552F14C}.RelWithDebInfo|x64.ActiveCfg = RelWithDebInfo|x64
		{5F9078CD-F800-3DE8-8569-761E5552F14C}.RelWithDebInfo|x64.Build.0 = RelWithDebInfo|x64
		{8D33CDDF-C15D-3B03-81EB-E85255BC10D3}.Debug|x64.ActiveCfg = Debug|x64
		{8D33CDDF-C15D-3B03-81EB-E85255BC10D3}.Debug|x64.Build.0 = Debug|x64
		{8D33CDDF-C15D-3B03-81EB-E85255BC10D3}.Release|x64.ActiveCfg = Release|x64
		{8D33CDDF-C15D-3B03-81EB-E85255BC10D3}.Release|x64.Build.0 = Release|x64
		{8D33CDDF-C15D-3B03-81EB-E85255BC10D3}.MinSizeRel|x64.ActiveCfg = MinSizeRel|x64
		{8D33CDDF-C15D-3B03-81EB-E85255BC10D3}.MinSizeRel|x64.Build.0 = MinSizeRel|x64
		{8D33CDDF-C15D-3B03-81EB-E85255BC10D3}.RelWithDebInfo|x64.ActiveCfg = RelWithDebInfo|x64
		{8D33CDDF-C15D-3B03-81EB-E85255BC10D3}.RelWithDebInfo|x64.Build.0 = RelWithDebInfo|x64
		{E0B632B6-0B22-32A2-87C1-77646E9BA3B5}.Debug|x64.ActiveCfg = Debug|x64
		{E0B632B6-0B22-32A2-87C1-77646E9BA3B5}.Debug|x64.Build.0 = Debug|x64
		{E0B632B6-0B22-32A2-87C1-77646E9BA3B5}.Release|x64.ActiveCfg = Release|x64
		{E0B632B6-0B22-32A2-87C1-77646E9BA3B5}.Release|x64.Build.0 = Release|x64
		{E0B632B6-0B22-32A2-87C1-77646E9BA3B5}.MinSizeRel|x64.ActiveCfg = MinSizeRel|x64
		{E0B632B6-0B22-32A2-87C1-77646E9BA3B5}.MinSizeRel|x64.Build.0 = MinSizeRel|x64
		{E0B632B6-0B22-32A2-87C1-77646E9BA3B5}.RelWithDebInfo|x64.ActiveCfg = RelWithDebInfo|x64
		{E0B632B6-0B22-32A2-87C1-77646E9BA3B5}.RelWithDebInfo|x64.Build.0 = RelWithDebInfo|x64
		{3A59D57D-A175-3D00-BA2F-40E29C65AA56}.Debug|x64.ActiveCfg = Debug|x64
		{3A59D57D-A175-3D00-BA2F-40E29C65AA56}.Debug|x64.Build.0 = Debug|x64
		{3A59D57D-A175-3D00-BA2F-40E29C65AA56}.Release|x64.ActiveCfg = Release|x64
		{3A59D57D-A175-3D00-BA2F-40E29C65AA56}.Release|x64.Build.0 = Release|x64
		{3A59D57D-A175-3D00-BA2F-40E29C65AA56}.MinSizeRel|x64.ActiveCfg = MinSizeRel|x64
		{3A59D57D-A175-3D00-BA2F-40E29C65AA56}.MinSizeRel|x64.Build.0 = MinSizeRel|x64
		{3A59D57D-A175-3D00-BA2F-40E29C65AA56}.RelWithDebInfo|x64.ActiveCfg = RelWithDebInfo|x64
		{3A59D57D-A175-3D00-BA2F-40E29C65AA56}.RelWithDebInfo|x64.Build.0 = RelWithDebInfo|x64
		{6DBFB1D6-6D76-3699-AC81-40CF24AED34D}.Debug|x64.ActiveCfg = Debug|x64
		{6DBFB1D6-6D76-3699-AC81-40CF24AED34D}.Debug|x64.Build.0 = Debug|x64
		{6DBFB1D6-6D76-3699-AC81-40CF24AED34D}.Release|x64.ActiveCfg = Release|x64
		{6DBFB1D6-6D76-3699-AC81-40CF24AED34D}.Release|x64.Build.0 = Release|x64
		{6DBFB1D6-6D76-3699-AC81-40CF24AED34D}.MinSizeRel|x64.ActiveCfg = MinSizeRel|x64
		{6DBFB1D6-6D76-3699-AC81-40CF24AED34D}.MinSizeRel|x64.Build.0 = MinSizeRel|x64
		{6DBFB1D6-6D76-3699-AC81-40CF24AED34D}.RelWithDebInfo|x64.ActiveCfg = RelWithDebInfo|x64
		{6DBFB1D6-6D76-3699-AC81-40CF24AED34D}.RelWithDebInfo|x64.Build.0 = RelWithDebInfo|x64
		{A0726F61-4E24-3BDD-9C44-5C988B7FAC8E}.Debug|x64.ActiveCfg = Debug|x64
		{A0726F61-4E24-3BDD-9C44-5C988B7FAC8E}.Release|x64.ActiveCfg = Release|x64
		{A0726F61-4E24-3BDD-9C44-5C988B7FAC8E}.MinSizeRel|x64.ActiveCfg = MinSizeRel|x64
		{A0726F61-4E24-3BDD-9C44-5C988B7FAC8E}.RelWithDebInfo|x64.ActiveCfg = RelWithDebInfo|x64
		{D36E9B0B-DAA8-35D3-BC0F-99C5E7B3F8FA}.Debug|x64.ActiveCfg = Debug|x64
		{D36E9B0B-DAA8-35D3-BC0F-99C5E7B3F8FA}.Debug|x64.Build.0 = Debug|x64
		{D36E9B0B-DAA8-35D3-BC0F-99C5E7B3F8FA}.Release|x64.ActiveCfg = Release|x64
		{D36E9B0B-DAA8-35D3-BC0F-99C5E7B3F8FA}.Release|x64.Build.0 = Release|x64
		{D36E9B0B-DAA8-35D3-BC0F-99C5E7B3F8FA}.MinSizeRel|x64.ActiveCfg = MinSizeRel|x64
		{D36E9B0B-DAA8-35D3-BC0F-99C5E7B3F8FA}.MinSizeRel|x64.Build.0 = MinSizeRel|x64
		{D36E9B0B-DAA8-35D3-BC0F-99C5E7B3F8FA}.RelWithDebInfo|x64.ActiveCfg = RelWithDebInfo|x64
		{D36E9B0B-DAA8-35D3-BC0F-99C5E7B3F8FA}.RelWithDebInfo|x64.Build.0 = RelWithDebInfo|x64
		{D6031D6A-5540-34BB-A022-79B8D0FBFA08}.Debug|x64.ActiveCfg = Debug|x64
		{D6031D6A-5540-34BB-A022-79B8D0FBFA08}.Debug|x64.Build.0 = Debug|x64
		{D6031D6A-5540-34BB-A022-79B8D0FBFA08}.Release|x64.ActiveCfg = Release|x64
		{D6031D6A-5540-34BB-A022-79B8D0FBFA08}.Release|x64.Build.0 = Release|x64
		{D6031D6A-5540-34BB-A022-79B8D0FBFA08}.MinSizeRel|x64.ActiveCfg = MinSizeRel|x64
		{D6031D6A-5540-34BB-A022-79B8D0FBFA08}.MinSizeRel|x64.Build.0 = MinSizeRel|x64
		{D6031D6A-5540-34BB-A022-79B8D0FBFA08}.RelWithDebInfo|x64.ActiveCfg = RelWithDebInfo|x64
		{D6031D6A-5540-34BB-A022-79B8D0FBFA08}.RelWithDebInfo|x64.Build.0 = RelWithDebInfo|x64
		{E9665188-311B-3B36-8A20-D709BEADEC6F}.Debug|x64.ActiveCfg = Debug|x64
		{E9665188-311B-3B36-8A20-D709BEADEC6F}.Debug|x64.Build.0 = Debug|x64
		{E9665188-311B-3B36-8A20-D709BEADEC6F}.Release|x64.ActiveCfg = Release|x64
		{E9665188-311B-3B36-8A20-D709BEADEC6F}.Release|x64.Build.0 = Release|x64
		{E9665188-311B-3B36-8A20-D709BEADEC6F}.MinSizeRel|x64.ActiveCfg = MinSizeRel|x64
		{E9665188-311B-3B36-8A20-D709BEADEC6F}.MinSizeRel|x64.Build.0 = MinSizeRel|x64
		{E9665188-311B-3B36-8A20-D709BEADEC6F}.RelWithDebInfo|x64.ActiveCfg = RelWithDebInfo|x64
		{E9665188-311B-3B36-8A20-D709BEADEC6F}.RelWithDebInfo|x64.Build.0 = RelWithDebInfo|x64
		{83F01E38-D377-36C0-AE43-0ECF10D625DF}.Debug|x64.ActiveCfg = Debug|x64
		{83F01E38-D377-36C0-AE43-0ECF10D625DF}.Debug|x64.Build.0 = Debug|x64
		{83F01E38-D377-36C0-AE43-0ECF10D625DF}.Release|x64.ActiveCfg = Release|x64
		{83F01E38-D377-36C0-AE43-0ECF10D625DF}.Release|x64.Build.0 = Release|x64
		{83F01E38-D377-36C0-AE43-0ECF10D625DF}.MinSizeRel|x64.ActiveCfg = MinSizeRel|x64
		{83F01E38-D377-36C0-AE43-0ECF10D625DF}.MinSizeRel|x64.Build.0 = MinSizeRel|x64
		{83F01E38-D377-36C0-AE43-0ECF10D625DF}.RelWithDebInfo|x64.ActiveCfg = RelWithDebInfo|x64
		{83F01E38-D377-36C0-AE43-0ECF10D625DF}.RelWithDebInfo|x64.Build.0 = RelWithDebInfo|x64
		{17DA8B0E-EE8D-3BA8-93C8-CF526D34961D}.Debug|x64.ActiveCfg = Debug|x64
		{17DA8B0E-EE8D-3BA8-93C8-CF526D34961D}.Debug|x64.Build.0 = Debug|x64
		{17DA8B0E-EE8D-3BA8-93C8-CF526D34961D}.Release|x64.ActiveCfg = Release|x64
		{17DA8B0E-EE8D-3BA8-93C8-CF526D34961D}.Release|x64.Build.0 = Release|x64
		{17DA8B0E-EE8D-3BA8-93C8-CF526D34961D}.MinSizeRel|x64.ActiveCfg = MinSizeRel|x64
		{17DA8B0E-EE8D-3BA8-93C8-CF526D34961D}.MinSizeRel|x64.Build.0 = MinSizeRel|x64
		{17DA8B0E-EE8D-3BA8-93C8-CF526D34961D}.RelWithDebInfo|x64.ActiveCfg = RelWithDebInfo|x64
		{17DA8B0E-EE8D-3BA8-93C8-CF526D34961D}.RelWithDebInfo|x64.Build.0 = RelWithDebInfo|x64
		{C006935C-8283-3B97-937A-2D23D5D06EB8}.Debug|x64.ActiveCfg = Debug|x64
		{C006935C-8283-3B97-937A-2D23D5D06EB8}.Debug|x64.Build.0 = Debug|x64
		{C006935C-8283-3B97-937A-2D23D5D06EB8}.Release|x64.ActiveCfg = Release|x64
		{C006935C-8283-3B97-937A-2D23D5D06EB8}.Release|x64.Build.0 = Release|x64
		{C006935C-8283-3B97-937A-2D23D5D06EB8}.MinSizeRel|x64.ActiveCfg = MinSizeRel|x64
		{C006935C-8283-3B97-937A-2D23D5D06EB8}.MinSizeRel|x64.Build.0 = MinSizeRel|x64
		{C006935C-8283-3B97-937A-2D23D5D06EB8}.RelWithDebInfo|x64.ActiveCfg = RelWithDebInfo|x64
		{C006935C-8283-3B97-937A-2D23D5D06EB8}.RelWithDebInfo|x64.Build.0 = RelWithDebInfo|x64
		{C78C1D03-4BD4-31EE-B59D-21FE47338179}.Debug|x64.ActiveCfg = Debug|x64
		{C78C1D03-4BD4-31EE-B59D-21FE47338179}.Debug|x64.Build.0 = Debug|x64
		{C78C1D03-4BD4-31EE-B59D-21FE47338179}.Release|x64.ActiveCfg = Release|x64
		{C78C1D03-4BD4-31EE-B59D-21FE47338179}.Release|x64.Build.0 = Release|x64
		{C78C1D03-4BD4-31EE-B59D-21FE47338179}.MinSizeRel|x64.ActiveCfg = MinSizeRel|x64
		{C78C1D03-4BD4-31EE-B59D-21FE47338179}.MinSizeRel|x64.Build.0 = MinSizeRel|x64
		{C78C1D03-4BD4-31EE-B59D-21FE47338179}.RelWithDebInfo|x64.ActiveCfg = RelWithDebInfo|x64
		{C78C1D03-4BD4-31EE-B59D-21FE47338179}.RelWithDebInfo|x64.Build.0 = RelWithDebInfo|x64
		{FC0A1440-BDF4-3A65-84F7-ED5F24A87E9C}.Debug|x64.ActiveCfg = Debug|x64
		{FC0A1440-BDF4-3A65-84F7-ED5F24A87E9C}.Debug|x64.Build.0 = Debug|x64
		{FC0A1440-BDF4-3A65-84F7-ED5F24A87E9C}.Release|x64.ActiveCfg = Release|x64
		{FC0A1440-BDF4-3A65-84F7-ED5F24A87E9C}.Release|x64.Build.0 = Release|x64
		{FC0A1440-BDF4-3A65-84F7-ED5F24A87E9C}.MinSizeRel|x64.ActiveCfg = MinSizeRel|x64
		{FC0A1440-BDF4-3A65-84F7-ED5F24A87E9C}.MinSizeRel|x64.Build.0 = MinSizeRel|x64
		{FC0A1440-BDF4-3A65-84F7-ED5F24A87E9C}.RelWithDebInfo|x64.ActiveCfg = RelWithDebInfo|x64
		{FC0A1440-BDF4-3A65-84F7-ED5F24A87E9C}.RelWithDebInfo|x64.Build.0 = RelWithDebInfo|x64
		{04574EF7-3545-3208-98B9-6B1422062E14}.Debug|x64.ActiveCfg = Debug|x64
		{04574EF7-3545-3208-98B9-6B1422062E14}.Debug|x64.Build.0 = Debug|x64
		{04574EF7-3545-3208-98B9-6B1422062E14}.Release|x64.ActiveCfg = Release|x64
		{04574EF7-3545-3208-98B9-6B1422062E14}.Release|x64.Build.0 = Release|x64
		{04574EF7-3545-3208-98B9-6B1422062E14}.MinSizeRel|x64.ActiveCfg = MinSizeRel|x64
		{04574EF7-3545-3208-98B9-6B1422062E14}.MinSizeRel|x64.Build.0 = MinSizeRel|x64
		{04574EF7-3545-3208-98B9-6B1422062E14}.RelWithDebInfo|x64.ActiveCfg = RelWithDebInfo|x64
		{04574EF7-3545-3208-98B9-6B1422062E14}.RelWithDebInfo|x64.Build.0 = RelWithDebInfo|x64
		{E751882B-33DA-38AB-AAE7-E6757A0FC845}.Debug|x64.ActiveCfg = Debug|x64
		{E751882B-33DA-38AB-AAE7-E6757A0FC845}.Debug|x64.Build.0 = Debug|x64
		{E751882B-33DA-38AB-AAE7-E6757A0FC845}.Release|x64.ActiveCfg = Release|x64
		{E751882B-33DA-38AB-AAE7-E6757A0FC845}.Release|x64.Build.0 = Release|x64
		{E751882B-33DA-38AB-AAE7-E6757A0FC845}.MinSizeRel|x64.ActiveCfg = MinSizeRel|x64
		{E751882B-33DA-38AB-AAE7-E6757A0FC845}.MinSizeRel|x64.Build.0 = MinSizeRel|x64
		{E751882B-33DA-38AB-AAE7-E6757A0FC845}.RelWithDebInfo|x64.ActiveCfg = RelWithDebInfo|x64
		{E751882B-33DA-38AB-AAE7-E6757A0FC845}.RelWithDebInfo|x64.Build.0 = RelWithDebInfo|x64
		{11334175-A683-3A4C-A79A-EA7076404CCB}.Debug|x64.ActiveCfg = Debug|x64
		{11334175-A683-3A4C-A79A-EA7076404CCB}.Debug|x64.Build.0 = Debug|x64
		{11334175-A683-3A4C-A79A-EA7076404CCB}.Release|x64.ActiveCfg = Release|x64
		{11334175-A683-3A4C-A79A-EA7076404CCB}.Release|x64.Build.0 = Release|x64
		{11334175-A683-3A4C-A79A-EA7076404CCB}.MinSizeRel|x64.ActiveCfg = MinSizeRel|x64
		{11334175-A683-3A4C-A79A-EA7076404CCB}.MinSizeRel|x64.Build.0 = MinSizeRel|x64
		{11334175-A683-3A4C-A79A-EA7076404CCB}.RelWithDebInfo|x64.ActiveCfg = RelWithDebInfo|x64
		{11334175-A683-3A4C-A79A-EA7076404CCB}.RelWithDebInfo|x64.Build.0 = RelWithDebInfo|x64
		{260DAC0D-EF59-312C-AB89-40BDE75EB9AA}.Debug|x64.ActiveCfg = Debug|x64
		{260DAC0D-EF59-312C-AB89-40BDE75EB9AA}.Debug|x64.Build.0 = Debug|x64
		{260DAC0D-EF59-312C-AB89-40BDE75EB9AA}.Release|x64.ActiveCfg = Release|x64
		{260DAC0D-EF59-312C-AB89-40BDE75EB9AA}.Release|x64.Build.0 = Release|x64
		{260DAC0D-EF59-312C-AB89-40BDE75EB9AA}.MinSizeRel|x64.ActiveCfg = MinSizeRel|x64
		{260DAC0D-EF59-312C-AB89-40BDE75EB9AA}.MinSizeRel|x64.Build.0 = MinSizeRel|x64
		{260DAC0D-EF59-312C-AB89-40BDE75EB9AA}.RelWithDebInfo|x64.ActiveCfg = RelWithDebInfo|x64
		{260DAC0D-EF59-312C-AB89-40BDE75EB9AA}.RelWithDebInfo|x64.Build.0 = RelWithDebInfo|x64
		{8EBB8E25-B5BA-378F-8C09-5767DF2F3050}.Debug|x64.ActiveCfg = Debug|x64
		{8EBB8E25-B5BA-378F-8C09-5767DF2F3050}.Debug|x64.Build.0 = Debug|x64
		{8EBB8E25-B5BA-378F-8C09-5767DF2F3050}.Release|x64.ActiveCfg = Release|x64
		{8EBB8E25-B5BA-378F-8C09-5767DF2F3050}.Release|x64.Build.0 = Release|x64
		{8EBB8E25-B5BA-378F-8C09-5767DF2F3050}.MinSizeRel|x64.ActiveCfg = MinSizeRel|x64
		{8EBB8E25-B5BA-378F-8C09-5767DF2F3050}.MinSizeRel|x64.Build.0 = MinSizeRel|x64
		{8EBB8E25-B5BA-378F-8C09-5767DF2F3050}.RelWithDebInfo|x64.ActiveCfg = RelWithDebInfo|x64
		{8EBB8E25-B5BA-378F-8C09-5767DF2F3050}.RelWithDebInfo|x64.Build.0 = RelWithDebInfo|x64
		{A4F96AF6-7C85-3959-A5DB-321EA250D884}.Debug|x64.ActiveCfg = Debug|x64
		{A4F96AF6-7C85-3959-A5DB-321EA250D884}.Debug|x64.Build.0 = Debug|x64
		{A4F96AF6-7C85-3959-A5DB-321EA250D884}.Release|x64.ActiveCfg = Release|x64
		{A4F96AF6-7C85-3959-A5DB-321EA250D884}.Release|x64.Build.0 = Release|x64
		{A4F96AF6-7C85-3959-A5DB-321EA250D884}.MinSizeRel|x64.ActiveCfg = MinSizeRel|x64
		{A4F96AF6-7C85-3959-A5DB-321EA250D884}.MinSizeRel|x64.Build.0 = MinSizeRel|x64
		{A4F96AF6-7C85-3959-A5DB-321EA250D884}.RelWithDebInfo|x64.ActiveCfg = RelWithDebInfo|x64
		{A4F96AF6-7C85-3959-A5DB-321EA250D884}.RelWithDebInfo|x64.Build.0 = RelWithDebInfo|x64
		{0308B410-BC82-3FF6-9834-01BE79D69B8F}.Debug|x64.ActiveCfg = Debug|x64
		{0308B410-BC82-3FF6-9834-01BE79D69B8F}.Debug|x64.Build.0 = Debug|x64
		{0308B410-BC82-3FF6-9834-01BE79D69B8F}.Release|x64.ActiveCfg = Release|x64
		{0308B410-BC82-3FF6-9834-01BE79D69B8F}.Release|x64.Build.0 = Release|x64
		{0308B410-BC82-3FF6-9834-01BE79D69B8F}.MinSizeRel|x64.ActiveCfg = MinSizeRel|x64
		{0308B410-BC82-3FF6-9834-01BE79D69B8F}.MinSizeRel|x64.Build.0 = MinSizeRel|x64
		{0308B410-BC82-3FF6-9834-01BE79D69B8F}.RelWithDebInfo|x64.ActiveCfg = RelWithDebInfo|x64
		{0308B410-BC82-3FF6-9834-01BE79D69B8F}.RelWithDebInfo|x64.Build.0 = RelWithDebInfo|x64
		{18BC8F92-D0D2-370D-986A-38FD4BBEA192}.Debug|x64.ActiveCfg = Debug|x64
		{18BC8F92-D0D2-370D-986A-38FD4BBEA192}.Debug|x64.Build.0 = Debug|x64
		{18BC8F92-D0D2-370D-986A-38FD4BBEA192}.Release|x64.ActiveCfg = Release|x64
		{18BC8F92-D0D2-370D-986A-38FD4BBEA192}.Release|x64.Build.0 = Release|x64
		{18BC8F92-D0D2-370D-986A-38FD4BBEA192}.MinSizeRel|x64.ActiveCfg = MinSizeRel|x64
		{18BC8F92-D0D2-370D-986A-38FD4BBEA192}.MinSizeRel|x64.Build.0 = MinSizeRel|x64
		{18BC8F92-D0D2-370D-986A-38FD4BBEA192}.RelWithDebInfo|x64.ActiveCfg = RelWithDebInfo|x64
		{18BC8F92-D0D2-370D-986A-38FD4BBEA192}.RelWithDebInfo|x64.Build.0 = RelWithDebInfo|x64
		{7742A460-2231-336F-8427-EA4D4B4FAA39}.Debug|x64.ActiveCfg = Debug|x64
		{7742A460-2231-336F-8427-EA4D4B4FAA39}.Debug|x64.Build.0 = Debug|x64
		{7742A460-2231-336F-8427-EA4D4B4FAA39}.Release|x64.ActiveCfg = Release|x64
		{7742A460-2231-336F-8427-EA4D4B4FAA39}.Release|x64.Build.0 = Release|x64
		{7742A460-2231-336F-8427-EA4D4B4FAA39}.MinSizeRel|x64.ActiveCfg = MinSizeRel|x64
		{7742A460-2231-336F-8427-EA4D4B4FAA39}.MinSizeRel|x64.Build.0 = MinSizeRel|x64
		{7742A460-2231-336F-8427-EA4D4B4FAA39}.RelWithDebInfo|x64.ActiveCfg = RelWithDebInfo|x64
		{7742A460-2231-336F-8427-EA4D4B4FAA39}.RelWithDebInfo|x64.Build.0 = RelWithDebInfo|x64
		{1C62A227-94C5-343E-B791-9CACDF6597BC}.Debug|x64.ActiveCfg = Debug|x64
		{1C62A227-94C5-343E-B791-9CACDF6597BC}.Debug|x64.Build.0 = Debug|x64
		{1C62A227-94C5-343E-B791-9CACDF6597BC}.Release|x64.ActiveCfg = Release|x64
		{1C62A227-94C5-343E-B791-9CACDF6597BC}.Release|x64.Build.0 = Release|x64
		{1C62A227-94C5-343E-B791-9CACDF6597BC}.MinSizeRel|x64.ActiveCfg = MinSizeRel|x64
		{1C62A227-94C5-343E-B791-9CACDF6597BC}.MinSizeRel|x64.Build.0 = MinSizeRel|x64
		{1C62A227-94C5-343E-B791-9CACDF6597BC}.RelWithDebInfo|x64.ActiveCfg = RelWithDebInfo|x64
		{1C62A227-94C5-343E-B791-9CACDF6597BC}.RelWithDebInfo|x64.Build.0 = RelWithDebInfo|x64
		{7BE93266-0E8D-3E62-8118-BE5D12DC2488}.Debug|x64.ActiveCfg = Debug|x64
		{7BE93266-0E8D-3E62-8118-BE5D12DC2488}.Debug|x64.Build.0 = Debug|x64
		{7BE93266-0E8D-3E62-8118-BE5D12DC2488}.Release|x64.ActiveCfg = Release|x64
		{7BE93266-0E8D-3E62-8118-BE5D12DC2488}.Release|x64.Build.0 = Release|x64
		{7BE93266-0E8D-3E62-8118-BE5D12DC2488}.MinSizeRel|x64.ActiveCfg = MinSizeRel|x64
		{7BE93266-0E8D-3E62-8118-BE5D12DC2488}.MinSizeRel|x64.Build.0 = MinSizeRel|x64
		{7BE93266-0E8D-3E62-8118-BE5D12DC2488}.RelWithDebInfo|x64.ActiveCfg = RelWithDebInfo|x64
		{7BE93266-0E8D-3E62-8118-BE5D12DC2488}.RelWithDebInfo|x64.Build.0 = RelWithDebInfo|x64
		{9F00EBD8-1A60-3CAF-B4C3-2E88BBB46861}.Debug|x64.ActiveCfg = Debug|x64
		{9F00EBD8-1A60-3CAF-B4C3-2E88BBB46861}.Debug|x64.Build.0 = Debug|x64
		{9F00EBD8-1A60-3CAF-B4C3-2E88BBB46861}.Release|x64.ActiveCfg = Release|x64
		{9F00EBD8-1A60-3CAF-B4C3-2E88BBB46861}.Release|x64.Build.0 = Release|x64
		{9F00EBD8-1A60-3CAF-B4C3-2E88BBB46861}.MinSizeRel|x64.ActiveCfg = MinSizeRel|x64
		{9F00EBD8-1A60-3CAF-B4C3-2E88BBB46861}.MinSizeRel|x64.Build.0 = MinSizeRel|x64
		{9F00EBD8-1A60-3CAF-B4C3-2E88BBB46861}.RelWithDebInfo|x64.ActiveCfg = RelWithDebInfo|x64
		{9F00EBD8-1A60-3CAF-B4C3-2E88BBB46861}.RelWithDebInfo|x64.Build.0 = RelWithDebInfo|x64
		{4A505642-C4B4-3F6B-A34A-2C2D3A6CB9D9}.Debug|x64.ActiveCfg = Debug|x64
		{4A505642-C4B4-3F6B-A34A-2C2D3A6CB9D9}.Debug|x64.Build.0 = Debug|x64
		{4A505642-C4B4-3F6B-A34A-2C2D3A6CB9D9}.Release|x64.ActiveCfg = Release|x64
		{4A505642-C4B4-3F6B-A34A-2C2D3A6CB9D9}.Release|x64.Build.0 = Release|x64
		{4A505642-C4B4-3F6B-A34A-2C2D3A6CB9D9}.MinSizeRel|x64.ActiveCfg = MinSizeRel|x64
		{4A505642-C4B4-3F6B-A34A-2C2D3A6CB9D9}.MinSizeRel|x64.Build.0 = MinSizeRel|x64
		{4A505642-C4B4-3F6B-A34A-2C2D3A6CB9D9}.RelWithDebInfo|x64.ActiveCfg = RelWithDebInfo|x64
		{4A505642-C4B4-3F6B-A34A-2C2D3A6CB9D9}.RelWithDebInfo|x64.Build.0 = RelWithDebInfo|x64
		{C7C81401-B570-3AE1-8944-7336486BBFDC}.Debug|x64.ActiveCfg = Debug|x64
		{C7C81401-B570-3AE1-8944-7336486BBFDC}.Debug|x64.Build.0 = Debug|x64
		{C7C81401-B570-3AE1-8944-7336486BBFDC}.Release|x64.ActiveCfg = Release|x64
		{C7C81401-B570-3AE1-8944-7336486BBFDC}.Release|x64.Build.0 = Release|x64
		{C7C81401-B570-3AE1-8944-7336486BBFDC}.MinSizeRel|x64.ActiveCfg = MinSizeRel|x64
		{C7C81401-B570-3AE1-8944-7336486BBFDC}.MinSizeRel|x64.Build.0 = MinSizeRel|x64
		{C7C81401-B570-3AE1-8944-7336486BBFDC}.RelWithDebInfo|x64.ActiveCfg = RelWithDebInfo|x64
		{C7C81401-B570-3AE1-8944-7336486BBFDC}.RelWithDebInfo|x64.Build.0 = RelWithDebInfo|x64
		{370C4589-865D-3DBB-A3DF-27012149F0AD}.Debug|x64.ActiveCfg = Debug|x64
		{370C4589-865D-3DBB-A3DF-27012149F0AD}.Debug|x64.Build.0 = Debug|x64
		{370C4589-865D-3DBB-A3DF-27012149F0AD}.Release|x64.ActiveCfg = Release|x64
		{370C4589-865D-3DBB-A3DF-27012149F0AD}.Release|x64.Build.0 = Release|x64
		{370C4589-865D-3DBB-A3DF-27012149F0AD}.MinSizeRel|x64.ActiveCfg = MinSizeRel|x64
		{370C4589-865D-3DBB-A3DF-27012149F0AD}.MinSizeRel|x64.Build.0 = MinSizeRel|x64
		{370C4589-865D-3DBB-A3DF-27012149F0AD}.RelWithDebInfo|x64.ActiveCfg = RelWithDebInfo|x64
		{370C4589-865D-3DBB-A3DF-27012149F0AD}.RelWithDebInfo|x64.Build.0 = RelWithDebInfo|x64
		{D11D527E-2AD1-3E70-9B6F-0F959F4145E8}.Debug|x64.ActiveCfg = Debug|x64
		{D11D527E-2AD1-3E70-9B6F-0F959F4145E8}.Debug|x64.Build.0 = Debug|x64
		{D11D527E-2AD1-3E70-9B6F-0F959F4145E8}.Release|x64.ActiveCfg = Release|x64
		{D11D527E-2AD1-3E70-9B6F-0F959F4145E8}.Release|x64.Build.0 = Release|x64
		{D11D527E-2AD1-3E70-9B6F-0F959F4145E8}.MinSizeRel|x64.ActiveCfg = MinSizeRel|x64
		{D11D527E-2AD1-3E70-9B6F-0F959F4145E8}.MinSizeRel|x64.Build.0 = MinSizeRel|x64
		{D11D527E-2AD1-3E70-9B6F-0F959F4145E8}.RelWithDebInfo|x64.ActiveCfg = RelWithDebInfo|x64
		{D11D527E-2AD1-3E70-9B6F-0F959F4145E8}.RelWithDebInfo|x64.Build.0 = RelWithDebInfo|x64
		{DD1C2C45-CAD4-3E6A-ACA3-C99E9252DBF9}.Debug|x64.ActiveCfg = Debug|x64
		{DD1C2C45-CAD4-3E6A-ACA3-C99E9252DBF9}.Debug|x64.Build.0 = Debug|x64
		{DD1C2C45-CAD4-3E6A-ACA3-C99E9252DBF9}.Release|x64.ActiveCfg = Release|x64
		{DD1C2C45-CAD4-3E6A-ACA3-C99E9252DBF9}.Release|x64.Build.0 = Release|x64
		{DD1C2C45-CAD4-3E6A-ACA3-C99E9252DBF9}.MinSizeRel|x64.ActiveCfg = MinSizeRel|x64
		{DD1C2C45-CAD4-3E6A-ACA3-C99E9252DBF9}.MinSizeRel|x64.Build.0 = MinSizeRel|x64
		{DD1C2C45-CAD4-3E6A-ACA3-C99E9252DBF9}.RelWithDebInfo|x64.ActiveCfg = RelWithDebInfo|x64
		{DD1C2C45-CAD4-3E6A-ACA3-C99E9252DBF9}.RelWithDebInfo|x64.Build.0 = RelWithDebInfo|x64
		{1127445A-A1A0-334A-A14B-5190ECF5E7E5}.Debug|x64.ActiveCfg = Debug|x64
		{1127445A-A1A0-334A-A14B-5190ECF5E7E5}.Debug|x64.Build.0 = Debug|x64
		{1127445A-A1A0-334A-A14B-5190ECF5E7E5}.Release|x64.ActiveCfg = Release|x64
		{1127445A-A1A0-334A-A14B-5190ECF5E7E5}.Release|x64.Build.0 = Release|x64
		{1127445A-A1A0-334A-A14B-5190ECF5E7E5}.MinSizeRel|x64.ActiveCfg = MinSizeRel|x64
		{1127445A-A1A0-334A-A14B-5190ECF5E7E5}.MinSizeRel|x64.Build.0 = MinSizeRel|x64
		{1127445A-A1A0-334A-A14B-5190ECF5E7E5}.RelWithDebInfo|x64.ActiveCfg = RelWithDebInfo|x64
		{1127445A-A1A0-334A-A14B-5190ECF5E7E5}.RelWithDebInfo|x64.Build.0 = RelWithDebInfo|x64
		{5FC0559B-C63D-3BA5-BB19-3B3FABD4EDFD}.Debug|x64.ActiveCfg = Debug|x64
		{5FC0559B-C63D-3BA5-BB19-3B3FABD4EDFD}.Debug|x64.Build.0 = Debug|x64
		{5FC0559B-C63D-3BA5-BB19-3B3FABD4EDFD}.Release|x64.ActiveCfg = Release|x64
		{5FC0559B-C63D-3BA5-BB19-3B3FABD4EDFD}.Release|x64.Build.0 = Release|x64
		{5FC0559B-C63D-3BA5-BB19-3B3FABD4EDFD}.MinSizeRel|x64.ActiveCfg = MinSizeRel|x64
		{5FC0559B-C63D-3BA5-BB19-3B3FABD4EDFD}.MinSizeRel|x64.Build.0 = MinSizeRel|x64
		{5FC0559B-C63D-3BA5-BB19-3B3FABD4EDFD}.RelWithDebInfo|x64.ActiveCfg = RelWithDebInfo|x64
		{5FC0559B-C63D-3BA5-BB19-3B3FABD4EDFD}.RelWithDebInfo|x64.Build.0 = RelWithDebInfo|x64
		{9B0DADD0-3CEF-34EB-BFBE-7BD797968A76}.Debug|x64.ActiveCfg = Debug|x64
		{9B0DADD0-3CEF-34EB-BFBE-7BD797968A76}.Debug|x64.Build.0 = Debug|x64
		{9B0DADD0-3CEF-34EB-BFBE-7BD797968A76}.Release|x64.ActiveCfg = Release|x64
		{9B0DADD0-3CEF-34EB-BFBE-7BD797968A76}.Release|x64.Build.0 = Release|x64
		{9B0DADD0-3CEF-34EB-BFBE-7BD797968A76}.MinSizeRel|x64.ActiveCfg = MinSizeRel|x64
		{9B0DADD0-3CEF-34EB-BFBE-7BD797968A76}.MinSizeRel|x64.Build.0 = MinSizeRel|x64
		{9B0DADD0-3CEF-34EB-BFBE-7BD797968A76}.RelWithDebInfo|x64.ActiveCfg = RelWithDebInfo|x64
		{9B0DADD0-3CEF-34EB-BFBE-7BD797968A76}.RelWithDebInfo|x64.Build.0 = RelWithDebInfo|x64
		{6E3B361B-A4C6-3E0A-BF94-7DE9FBA98DE1}.Debug|x64.ActiveCfg = Debug|x64
		{6E3B361B-A4C6-3E0A-BF94-7DE9FBA98DE1}.Debug|x64.Build.0 = Debug|x64
		{6E3B361B-A4C6-3E0A-BF94-7DE9FBA98DE1}.Release|x64.ActiveCfg = Release|x64
		{6E3B361B-A4C6-3E0A-BF94-7DE9FBA98DE1}.Release|x64.Build.0 = Release|x64
		{6E3B361B-A4C6-3E0A-BF94-7DE9FBA98DE1}.MinSizeRel|x64.ActiveCfg = MinSizeRel|x64
		{6E3B361B-A4C6-3E0A-BF94-7DE9FBA98DE1}.MinSizeRel|x64.Build.0 = MinSizeRel|x64
		{6E3B361B-A4C6-3E0A-BF94-7DE9FBA98DE1}.RelWithDebInfo|x64.ActiveCfg = RelWithDebInfo|x64
		{6E3B361B-A4C6-3E0A-BF94-7DE9FBA98DE1}.RelWithDebInfo|x64.Build.0 = RelWithDebInfo|x64
		{CFFC3B72-A9F5-3144-B273-CC0975C7A3CE}.Debug|x64.ActiveCfg = Debug|x64
		{CFFC3B72-A9F5-3144-B273-CC0975C7A3CE}.Debug|x64.Build.0 = Debug|x64
		{CFFC3B72-A9F5-3144-B273-CC0975C7A3CE}.Release|x64.ActiveCfg = Release|x64
		{CFFC3B72-A9F5-3144-B273-CC0975C7A3CE}.Release|x64.Build.0 = Release|x64
		{CFFC3B72-A9F5-3144-B273-CC0975C7A3CE}.MinSizeRel|x64.ActiveCfg = MinSizeRel|x64
		{CFFC3B72-A9F5-3144-B273-CC0975C7A3CE}.MinSizeRel|x64.Build.0 = MinSizeRel|x64
		{CFFC3B72-A9F5-3144-B273-CC0975C7A3CE}.RelWithDebInfo|x64.ActiveCfg = RelWithDebInfo|x64
		{CFFC3B72-A9F5-3144-B273-CC0975C7A3CE}.RelWithDebInfo|x64.Build.0 = RelWithDebInfo|x64
		{00A5FE4F-ECDA-32B0-80B5-45B2C4F1F560}.Debug|x64.ActiveCfg = Debug|x64
		{00A5FE4F-ECDA-32B0-80B5-45B2C4F1F560}.Debug|x64.Build.0 = Debug|x64
		{00A5FE4F-ECDA-32B0-80B5-45B2C4F1F560}.Release|x64.ActiveCfg = Release|x64
		{00A5FE4F-ECDA-32B0-80B5-45B2C4F1F560}.Release|x64.Build.0 = Release|x64
		{00A5FE4F-ECDA-32B0-80B5-45B2C4F1F560}.MinSizeRel|x64.ActiveCfg = MinSizeRel|x64
		{00A5FE4F-ECDA-32B0-80B5-45B2C4F1F560}.MinSizeRel|x64.Build.0 = MinSizeRel|x64
		{00A5FE4F-ECDA-32B0-80B5-45B2C4F1F560}.RelWithDebInfo|x64.ActiveCfg = RelWithDebInfo|x64
		{00A5FE4F-ECDA-32B0-80B5-45B2C4F1F560}.RelWithDebInfo|x64.Build.0 = RelWithDebInfo|x64
		{9887797D-A630-3981-A2C3-E4819B5D44EF}.Debug|x64.ActiveCfg = Debug|x64
		{9887797D-A630-3981-A2C3-E4819B5D44EF}.Debug|x64.Build.0 = Debug|x64
		{9887797D-A630-3981-A2C3-E4819B5D44EF}.Release|x64.ActiveCfg = Release|x64
		{9887797D-A630-3981-A2C3-E4819B5D44EF}.Release|x64.Build.0 = Release|x64
		{9887797D-A630-3981-A2C3-E4819B5D44EF}.MinSizeRel|x64.ActiveCfg = MinSizeRel|x64
		{9887797D-A630-3981-A2C3-E4819B5D44EF}.MinSizeRel|x64.Build.0 = MinSizeRel|x64
		{9887797D-A630-3981-A2C3-E4819B5D44EF}.RelWithDebInfo|x64.ActiveCfg = RelWithDebInfo|x64
		{9887797D-A630-3981-A2C3-E4819B5D44EF}.RelWithDebInfo|x64.Build.0 = RelWithDebInfo|x64
		{C38C6C4E-FDDA-3F19-BF89-8C3E95DA4F50}.Debug|x64.ActiveCfg = Debug|x64
		{C38C6C4E-FDDA-3F19-BF89-8C3E95DA4F50}.Debug|x64.Build.0 = Debug|x64
		{C38C6C4E-FDDA-3F19-BF89-8C3E95DA4F50}.Release|x64.ActiveCfg = Release|x64
		{C38C6C4E-FDDA-3F19-BF89-8C3E95DA4F50}.Release|x64.Build.0 = Release|x64
		{C38C6C4E-FDDA-3F19-BF89-8C3E95DA4F50}.MinSizeRel|x64.ActiveCfg = MinSizeRel|x64
		{C38C6C4E-FDDA-3F19-BF89-8C3E95DA4F50}.MinSizeRel|x64.Build.0 = MinSizeRel|x64
		{C38C6C4E-FDDA-3F19-BF89-8C3E95DA4F50}.RelWithDebInfo|x64.ActiveCfg = RelWithDebInfo|x64
		{C38C6C4E-FDDA-3F19-BF89-8C3E95DA4F50}.RelWithDebInfo|x64.Build.0 = RelWithDebInfo|x64
		{16889E21-5DE2-37F4-9580-957162092B74}.Debug|x64.ActiveCfg = Debug|x64
		{16889E21-5DE2-37F4-9580-957162092B74}.Debug|x64.Build.0 = Debug|x64
		{16889E21-5DE2-37F4-9580-957162092B74}.Release|x64.ActiveCfg = Release|x64
		{16889E21-5DE2-37F4-9580-957162092B74}.Release|x64.Build.0 = Release|x64
		{16889E21-5DE2-37F4-9580-957162092B74}.MinSizeRel|x64.ActiveCfg = MinSizeRel|x64
		{16889E21-5DE2-37F4-9580-957162092B74}.MinSizeRel|x64.Build.0 = MinSizeRel|x64
		{16889E21-5DE2-37F4-9580-957162092B74}.RelWithDebInfo|x64.ActiveCfg = RelWithDebInfo|x64
		{16889E21-5DE2-37F4-9580-957162092B74}.RelWithDebInfo|x64.Build.0 = RelWithDebInfo|x64
		{9C66FE2E-4EB8-39E5-8944-D50742FC3955}.Debug|x64.ActiveCfg = Debug|x64
		{9C66FE2E-4EB8-39E5-8944-D50742FC3955}.Debug|x64.Build.0 = Debug|x64
		{9C66FE2E-4EB8-39E5-8944-D50742FC3955}.Release|x64.ActiveCfg = Release|x64
		{9C66FE2E-4EB8-39E5-8944-D50742FC3955}.Release|x64.Build.0 = Release|x64
		{9C66FE2E-4EB8-39E5-8944-D50742FC3955}.MinSizeRel|x64.ActiveCfg = MinSizeRel|x64
		{9C66FE2E-4EB8-39E5-8944-D50742FC3955}.MinSizeRel|x64.Build.0 = MinSizeRel|x64
		{9C66FE2E-4EB8-39E5-8944-D50742FC3955}.RelWithDebInfo|x64.ActiveCfg = RelWithDebInfo|x64
		{9C66FE2E-4EB8-39E5-8944-D50742FC3955}.RelWithDebInfo|x64.Build.0 = RelWithDebInfo|x64
		{2B5709DF-11EE-3385-A31C-0564B76A7D2E}.Debug|x64.ActiveCfg = Debug|x64
		{2B5709DF-11EE-3385-A31C-0564B76A7D2E}.Debug|x64.Build.0 = Debug|x64
		{2B5709DF-11EE-3385-A31C-0564B76A7D2E}.Release|x64.ActiveCfg = Release|x64
		{2B5709DF-11EE-3385-A31C-0564B76A7D2E}.Release|x64.Build.0 = Release|x64
		{2B5709DF-11EE-3385-A31C-0564B76A7D2E}.MinSizeRel|x64.ActiveCfg = MinSizeRel|x64
		{2B5709DF-11EE-3385-A31C-0564B76A7D2E}.MinSizeRel|x64.Build.0 = MinSizeRel|x64
		{2B5709DF-11EE-3385-A31C-0564B76A7D2E}.RelWithDebInfo|x64.ActiveCfg = RelWithDebInfo|x64
		{2B5709DF-11EE-3385-A31C-0564B76A7D2E}.RelWithDebInfo|x64.Build.0 = RelWithDebInfo|x64
		{09CC3ADD-3ACF-314F-9C43-390CE066CA83}.Debug|x64.ActiveCfg = Debug|x64
		{09CC3ADD-3ACF-314F-9C43-390CE066CA83}.Debug|x64.Build.0 = Debug|x64
		{09CC3ADD-3ACF-314F-9C43-390CE066CA83}.Release|x64.ActiveCfg = Release|x64
		{09CC3ADD-3ACF-314F-9C43-390CE066CA83}.Release|x64.Build.0 = Release|x64
		{09CC3ADD-3ACF-314F-9C43-390CE066CA83}.MinSizeRel|x64.ActiveCfg = MinSizeRel|x64
		{09CC3ADD-3ACF-314F-9C43-390CE066CA83}.MinSizeRel|x64.Build.0 = MinSizeRel|x64
		{09CC3ADD-3ACF-314F-9C43-390CE066CA83}.RelWithDebInfo|x64.ActiveCfg = RelWithDebInfo|x64
		{09CC3ADD-3ACF-314F-9C43-390CE066CA83}.RelWithDebInfo|x64.Build.0 = RelWithDebInfo|x64
		{2D6A9C16-E752-3713-8FF6-F14DEE13B962}.Debug|x64.ActiveCfg = Debug|x64
		{2D6A9C16-E752-3713-8FF6-F14DEE13B962}.Debug|x64.Build.0 = Debug|x64
		{2D6A9C16-E752-3713-8FF6-F14DEE13B962}.Release|x64.ActiveCfg = Release|x64
		{2D6A9C16-E752-3713-8FF6-F14DEE13B962}.Release|x64.Build.0 = Release|x64
		{2D6A9C16-E752-3713-8FF6-F14DEE13B962}.MinSizeRel|x64.ActiveCfg = MinSizeRel|x64
		{2D6A9C16-E752-3713-8FF6-F14DEE13B962}.MinSizeRel|x64.Build.0 = MinSizeRel|x64
		{2D6A9C16-E752-3713-8FF6-F14DEE13B962}.RelWithDebInfo|x64.ActiveCfg = RelWithDebInfo|x64
		{2D6A9C16-E752-3713-8FF6-F14DEE13B962}.RelWithDebInfo|x64.Build.0 = RelWithDebInfo|x64
		{F27C67A1-C5D9-362D-8829-8E7B1F7E715E}.Debug|x64.ActiveCfg = Debug|x64
		{F27C67A1-C5D9-362D-8829-8E7B1F7E715E}.Debug|x64.Build.0 = Debug|x64
		{F27C67A1-C5D9-362D-8829-8E7B1F7E715E}.Release|x64.ActiveCfg = Release|x64
		{F27C67A1-C5D9-362D-8829-8E7B1F7E715E}.Release|x64.Build.0 = Release|x64
		{F27C67A1-C5D9-362D-8829-8E7B1F7E715E}.MinSizeRel|x64.ActiveCfg = MinSizeRel|x64
		{F27C67A1-C5D9-362D-8829-8E7B1F7E715E}.MinSizeRel|x64.Build.0 = MinSizeRel|x64
		{F27C67A1-C5D9-362D-8829-8E7B1F7E715E}.RelWithDebInfo|x64.ActiveCfg = RelWithDebInfo|x64
		{F27C67A1-C5D9-362D-8829-8E7B1F7E715E}.RelWithDebInfo|x64.Build.0 = RelWithDebInfo|x64
		{08A573C1-F00D-37DC-BAC9-DDCD5CD204B1}.Debug|x64.ActiveCfg = Debug|x64
		{08A573C1-F00D-37DC-BAC9-DDCD5CD204B1}.Debug|x64.Build.0 = Debug|x64
		{08A573C1-F00D-37DC-BAC9-DDCD5CD204B1}.Release|x64.ActiveCfg = Release|x64
		{08A573C1-F00D-37DC-BAC9-DDCD5CD204B1}.Release|x64.Build.0 = Release|x64
		{08A573C1-F00D-37DC-BAC9-DDCD5CD204B1}.MinSizeRel|x64.ActiveCfg = MinSizeRel|x64
		{08A573C1-F00D-37DC-BAC9-DDCD5CD204B1}.MinSizeRel|x64.Build.0 = MinSizeRel|x64
		{08A573C1-F00D-37DC-BAC9-DDCD5CD204B1}.RelWithDebInfo|x64.ActiveCfg = RelWithDebInfo|x64
		{08A573C1-F00D-37DC-BAC9-DDCD5CD204B1}.RelWithDebInfo|x64.Build.0 = RelWithDebInfo|x64
		{1408CDA0-BD7F-340C-8292-782E207A185A}.Debug|x64.ActiveCfg = Debug|x64
		{1408CDA0-BD7F-340C-8292-782E207A185A}.Debug|x64.Build.0 = Debug|x64
		{1408CDA0-BD7F-340C-8292-782E207A185A}.Release|x64.ActiveCfg = Release|x64
		{1408CDA0-BD7F-340C-8292-782E207A185A}.Release|x64.Build.0 = Release|x64
		{1408CDA0-BD7F-340C-8292-782E207A185A}.MinSizeRel|x64.ActiveCfg = MinSizeRel|x64
		{1408CDA0-BD7F-340C-8292-782E207A185A}.MinSizeRel|x64.Build.0 = MinSizeRel|x64
		{1408CDA0-BD7F-340C-8292-782E207A185A}.RelWithDebInfo|x64.ActiveCfg = RelWithDebInfo|x64
		{1408CDA0-BD7F-340C-8292-782E207A185A}.RelWithDebInfo|x64.Build.0 = RelWithDebInfo|x64
		{00992833-266C-3210-84AD-B5A69EB8967C}.Debug|x64.ActiveCfg = Debug|x64
		{00992833-266C-3210-84AD-B5A69EB8967C}.Debug|x64.Build.0 = Debug|x64
		{00992833-266C-3210-84AD-B5A69EB8967C}.Release|x64.ActiveCfg = Release|x64
		{00992833-266C-3210-84AD-B5A69EB8967C}.Release|x64.Build.0 = Release|x64
		{00992833-266C-3210-84AD-B5A69EB8967C}.MinSizeRel|x64.ActiveCfg = MinSizeRel|x64
		{00992833-266C-3210-84AD-B5A69EB8967C}.MinSizeRel|x64.Build.0 = MinSizeRel|x64
		{00992833-266C-3210-84AD-B5A69EB8967C}.RelWithDebInfo|x64.ActiveCfg = RelWithDebInfo|x64
		{00992833-266C-3210-84AD-B5A69EB8967C}.RelWithDebInfo|x64.Build.0 = RelWithDebInfo|x64
		{02FE5761-A86B-37B5-B730-6AA6A678C002}.Debug|x64.ActiveCfg = Debug|x64
		{02FE5761-A86B-37B5-B730-6AA6A678C002}.Debug|x64.Build.0 = Debug|x64
		{02FE5761-A86B-37B5-B730-6AA6A678C002}.Release|x64.ActiveCfg = Release|x64
		{02FE5761-A86B-37B5-B730-6AA6A678C002}.Release|x64.Build.0 = Release|x64
		{02FE5761-A86B-37B5-B730-6AA6A678C002}.MinSizeRel|x64.ActiveCfg = MinSizeRel|x64
		{02FE5761-A86B-37B5-B730-6AA6A678C002}.MinSizeRel|x64.Build.0 = MinSizeRel|x64
		{02FE5761-A86B-37B5-B730-6AA6A678C002}.RelWithDebInfo|x64.ActiveCfg = RelWithDebInfo|x64
		{02FE5761-A86B-37B5-B730-6AA6A678C002}.RelWithDebInfo|x64.Build.0 = RelWithDebInfo|x64
		{EDC0E9AB-C064-3196-9E7C-F43086754921}.Debug|x64.ActiveCfg = Debug|x64
		{EDC0E9AB-C064-3196-9E7C-F43086754921}.Debug|x64.Build.0 = Debug|x64
		{EDC0E9AB-C064-3196-9E7C-F43086754921}.Release|x64.ActiveCfg = Release|x64
		{EDC0E9AB-C064-3196-9E7C-F43086754921}.Release|x64.Build.0 = Release|x64
		{EDC0E9AB-C064-3196-9E7C-F43086754921}.MinSizeRel|x64.ActiveCfg = MinSizeRel|x64
		{EDC0E9AB-C064-3196-9E7C-F43086754921}.MinSizeRel|x64.Build.0 = MinSizeRel|x64
		{EDC0E9AB-C064-3196-9E7C-F43086754921}.RelWithDebInfo|x64.ActiveCfg = RelWithDebInfo|x64
		{EDC0E9AB-C064-3196-9E7C-F43086754921}.RelWithDebInfo|x64.Build.0 = RelWithDebInfo|x64
		{81538A09-264F-3A0E-9A1D-D351773C7A4E}.Debug|x64.ActiveCfg = Debug|x64
		{81538A09-264F-3A0E-9A1D-D351773C7A4E}.Debug|x64.Build.0 = Debug|x64
		{81538A09-264F-3A0E-9A1D-D351773C7A4E}.Release|x64.ActiveCfg = Release|x64
		{81538A09-264F-3A0E-9A1D-D351773C7A4E}.Release|x64.Build.0 = Release|x64
		{81538A09-264F-3A0E-9A1D-D351773C7A4E}.MinSizeRel|x64.ActiveCfg = MinSizeRel|x64
		{81538A09-264F-3A0E-9A1D-D351773C7A4E}.MinSizeRel|x64.Build.0 = MinSizeRel|x64
		{81538A09-264F-3A0E-9A1D-D351773C7A4E}.RelWithDebInfo|x64.ActiveCfg = RelWithDebInfo|x64
		{81538A09-264F-3A0E-9A1D-D351773C7A4E}.RelWithDebInfo|x64.Build.0 = RelWithDebInfo|x64
		{33B33976-6593-327E-95E2-3EDF02651DF4}.Debug|x64.ActiveCfg = Debug|x64
		{33B33976-6593-327E-95E2-3EDF02651DF4}.Debug|x64.Build.0 = Debug|x64
		{33B33976-6593-327E-95E2-3EDF02651DF4}.Release|x64.ActiveCfg = Release|x64
		{33B33976-6593-327E-95E2-3EDF02651DF4}.Release|x64.Build.0 = Release|x64
		{33B33976-6593-327E-95E2-3EDF02651DF4}.MinSizeRel|x64.ActiveCfg = MinSizeRel|x64
		{33B33976-6593-327E-95E2-3EDF02651DF4}.MinSizeRel|x64.Build.0 = MinSizeRel|x64
		{33B33976-6593-327E-95E2-3EDF02651DF4}.RelWithDebInfo|x64.ActiveCfg = RelWithDebInfo|x64
		{33B33976-6593-327E-95E2-3EDF02651DF4}.RelWithDebInfo|x64.Build.0 = RelWithDebInfo|x64
		{E30284EB-86B2-37C7-B07A-B217D42A8DF5}.Debug|x64.ActiveCfg = Debug|x64
		{E30284EB-86B2-37C7-B07A-B217D42A8DF5}.Debug|x64.Build.0 = Debug|x64
		{E30284EB-86B2-37C7-B07A-B217D42A8DF5}.Release|x64.ActiveCfg = Release|x64
		{E30284EB-86B2-37C7-B07A-B217D42A8DF5}.Release|x64.Build.0 = Release|x64
		{E30284EB-86B2-37C7-B07A-B217D42A8DF5}.MinSizeRel|x64.ActiveCfg = MinSizeRel|x64
		{E30284EB-86B2-37C7-B07A-B217D42A8DF5}.MinSizeRel|x64.Build.0 = MinSizeRel|x64
		{E30284EB-86B2-37C7-B07A-B217D42A8DF5}.RelWithDebInfo|x64.ActiveCfg = RelWithDebInfo|x64
		{E30284EB-86B2-37C7-B07A-B217D42A8DF5}.RelWithDebInfo|x64.Build.0 = RelWithDebInfo|x64
		{3F8A7ED1-6123-3B0E-8B03-87656408EF3B}.Debug|x64.ActiveCfg = Debug|x64
		{3F8A7ED1-6123-3B0E-8B03-87656408EF3B}.Debug|x64.Build.0 = Debug|x64
		{3F8A7ED1-6123-3B0E-8B03-87656408EF3B}.Release|x64.ActiveCfg = Release|x64
		{3F8A7ED1-6123-3B0E-8B03-87656408EF3B}.Release|x64.Build.0 = Release|x64
		{3F8A7ED1-6123-3B0E-8B03-87656408EF3B}.MinSizeRel|x64.ActiveCfg = MinSizeRel|x64
		{3F8A7ED1-6123-3B0E-8B03-87656408EF3B}.MinSizeRel|x64.Build.0 = MinSizeRel|x64
		{3F8A7ED1-6123-3B0E-8B03-87656408EF3B}.RelWithDebInfo|x64.ActiveCfg = RelWithDebInfo|x64
		{3F8A7ED1-6123-3B0E-8B03-87656408EF3B}.RelWithDebInfo|x64.Build.0 = RelWithDebInfo|x64
		{97389A8E-F7C2-3E9B-8B10-5D74656782B8}.Debug|x64.ActiveCfg = Debug|x64
		{97389A8E-F7C2-3E9B-8B10-5D74656782B8}.Debug|x64.Build.0 = Debug|x64
		{97389A8E-F7C2-3E9B-8B10-5D74656782B8}.Release|x64.ActiveCfg = Release|x64
		{97389A8E-F7C2-3E9B-8B10-5D74656782B8}.Release|x64.Build.0 = Release|x64
		{97389A8E-F7C2-3E9B-8B10-5D74656782B8}.MinSizeRel|x64.ActiveCfg = MinSizeRel|x64
		{97389A8E-F7C2-3E9B-8B10-5D74656782B8}.MinSizeRel|x64.Build.0 = MinSizeRel|x64
		{97389A8E-F7C2-3E9B-8B10-5D74656782B8}.RelWithDebInfo|x64.ActiveCfg = RelWithDebInfo|x64
		{97389A8E-F7C2-3E9B-8B10-5D74656782B8}.RelWithDebInfo|x64.Build.0 = RelWithDebInfo|x64
		{BEE5DF2E-9677-35B1-AB96-2BB6932EEC91}.Debug|x64.ActiveCfg = Debug|x64
		{BEE5DF2E-9677-35B1-AB96-2BB6932EEC91}.Debug|x64.Build.0 = Debug|x64
		{BEE5DF2E-9677-35B1-AB96-2BB6932EEC91}.Release|x64.ActiveCfg = Release|x64
		{BEE5DF2E-9677-35B1-AB96-2BB6932EEC91}.Release|x64.Build.0 = Release|x64
		{BEE5DF2E-9677-35B1-AB96-2BB6932EEC91}.MinSizeRel|x64.ActiveCfg = MinSizeRel|x64
		{BEE5DF2E-9677-35B1-AB96-2BB6932EEC91}.MinSizeRel|x64.Build.0 = MinSizeRel|x64
		{BEE5DF2E-9677-35B1-AB96-2BB6932EEC91}.RelWithDebInfo|x64.ActiveCfg = RelWithDebInfo|x64
		{BEE5DF2E-9677-35B1-AB96-2BB6932EEC91}.RelWithDebInfo|x64.Build.0 = RelWithDebInfo|x64
		{F87B6C34-002F-3DCF-B491-C234920C4194}.Debug|x64.ActiveCfg = Debug|x64
		{F87B6C34-002F-3DCF-B491-C234920C4194}.Debug|x64.Build.0 = Debug|x64
		{F87B6C34-002F-3DCF-B491-C234920C4194}.Release|x64.ActiveCfg = Release|x64
		{F87B6C34-002F-3DCF-B491-C234920C4194}.Release|x64.Build.0 = Release|x64
		{F87B6C34-002F-3DCF-B491-C234920C4194}.MinSizeRel|x64.ActiveCfg = MinSizeRel|x64
		{F87B6C34-002F-3DCF-B491-C234920C4194}.MinSizeRel|x64.Build.0 = MinSizeRel|x64
		{F87B6C34-002F-3DCF-B491-C234920C4194}.RelWithDebInfo|x64.ActiveCfg = RelWithDebInfo|x64
		{F87B6C34-002F-3DCF-B491-C234920C4194}.RelWithDebInfo|x64.Build.0 = RelWithDebInfo|x64
		{7AFCE520-F1EF-362A-AB2B-839F71170174}.Debug|x64.ActiveCfg = Debug|x64
		{7AFCE520-F1EF-362A-AB2B-839F71170174}.Release|x64.ActiveCfg = Release|x64
		{7AFCE520-F1EF-362A-AB2B-839F71170174}.MinSizeRel|x64.ActiveCfg = MinSizeRel|x64
		{7AFCE520-F1EF-362A-AB2B-839F71170174}.RelWithDebInfo|x64.ActiveCfg = RelWithDebInfo|x64
		{D83AAA23-DCF0-3943-9CFE-D5F33F018022}.Debug|x64.ActiveCfg = Debug|x64
		{D83AAA23-DCF0-3943-9CFE-D5F33F018022}.Debug|x64.Build.0 = Debug|x64
		{D83AAA23-DCF0-3943-9CFE-D5F33F018022}.Release|x64.ActiveCfg = Release|x64
		{D83AAA23-DCF0-3943-9CFE-D5F33F018022}.Release|x64.Build.0 = Release|x64
		{D83AAA23-DCF0-3943-9CFE-D5F33F018022}.MinSizeRel|x64.ActiveCfg = MinSizeRel|x64
		{D83AAA23-DCF0-3943-9CFE-D5F33F018022}.MinSizeRel|x64.Build.0 = MinSizeRel|x64
		{D83AAA23-DCF0-3943-9CFE-D5F33F018022}.RelWithDebInfo|x64.ActiveCfg = RelWithDebInfo|x64
		{D83AAA23-DCF0-3943-9CFE-D5F33F018022}.RelWithDebInfo|x64.Build.0 = RelWithDebInfo|x64
		{8C23F9E9-F0DB-3596-86EB-F68761CDD6DB}.Debug|x64.ActiveCfg = Debug|x64
		{8C23F9E9-F0DB-3596-86EB-F68761CDD6DB}.Debug|x64.Build.0 = Debug|x64
		{8C23F9E9-F0DB-3596-86EB-F68761CDD6DB}.Release|x64.ActiveCfg = Release|x64
		{8C23F9E9-F0DB-3596-86EB-F68761CDD6DB}.Release|x64.Build.0 = Release|x64
		{8C23F9E9-F0DB-3596-86EB-F68761CDD6DB}.MinSizeRel|x64.ActiveCfg = MinSizeRel|x64
		{8C23F9E9-F0DB-3596-86EB-F68761CDD6DB}.MinSizeRel|x64.Build.0 = MinSizeRel|x64
		{8C23F9E9-F0DB-3596-86EB-F68761CDD6DB}.RelWithDebInfo|x64.ActiveCfg = RelWithDebInfo|x64
		{8C23F9E9-F0DB-3596-86EB-F68761CDD6DB}.RelWithDebInfo|x64.Build.0 = RelWithDebInfo|x64
		{519D6075-330C-378D-A9F8-71B0D1796FD8}.Debug|x64.ActiveCfg = Debug|x64
		{519D6075-330C-378D-A9F8-71B0D1796FD8}.Debug|x64.Build.0 = Debug|x64
		{519D6075-330C-378D-A9F8-71B0D1796FD8}.Release|x64.ActiveCfg = Release|x64
		{519D6075-330C-378D-A9F8-71B0D1796FD8}.Release|x64.Build.0 = Release|x64
		{519D6075-330C-378D-A9F8-71B0D1796FD8}.MinSizeRel|x64.ActiveCfg = MinSizeRel|x64
		{519D6075-330C-378D-A9F8-71B0D1796FD8}.MinSizeRel|x64.Build.0 = MinSizeRel|x64
		{519D6075-330C-378D-A9F8-71B0D1796FD8}.RelWithDebInfo|x64.ActiveCfg = RelWithDebInfo|x64
		{519D6075-330C-378D-A9F8-71B0D1796FD8}.RelWithDebInfo|x64.Build.0 = RelWithDebInfo|x64
	EndGlobalSection
	GlobalSection(NestedProjects) = preSolution
		{40B6FD1E-552E-3D85-910B-4171AF246B12} = {8164CE5C-9089-3604-A413-4DC7C50BBD1F}
		{A0726F61-4E24-3BDD-9C44-5C988B7FAC8E} = {8164CE5C-9089-3604-A413-4DC7C50BBD1F}
		{D6031D6A-5540-34BB-A022-79B8D0FBFA08} = {8164CE5C-9089-3604-A413-4DC7C50BBD1F}
		{C6AAB97C-DEAF-3D35-8395-D81D587E71DB} = {CFC35B0B-EF17-3611-9028-425F9ADB0779}
		{C6A68B45-640F-300A-B9C2-93EFB45FDF98} = {CFC35B0B-EF17-3611-9028-425F9ADB0779}
		{11334175-A683-3A4C-A79A-EA7076404CCB} = {CFC35B0B-EF17-3611-9028-425F9ADB0779}
		{83F01E38-D377-36C0-AE43-0ECF10D625DF} = {C6AAB97C-DEAF-3D35-8395-D81D587E71DB}
		{E751882B-33DA-38AB-AAE7-E6757A0FC845} = {C6AAB97C-DEAF-3D35-8395-D81D587E71DB}
		{8EBB8E25-B5BA-378F-8C09-5767DF2F3050} = {C6AAB97C-DEAF-3D35-8395-D81D587E71DB}
		{4A505642-C4B4-3F6B-A34A-2C2D3A6CB9D9} = {C6AAB97C-DEAF-3D35-8395-D81D587E71DB}
		{DD1C2C45-CAD4-3E6A-ACA3-C99E9252DBF9} = {C6AAB97C-DEAF-3D35-8395-D81D587E71DB}
		{1127445A-A1A0-334A-A14B-5190ECF5E7E5} = {C6AAB97C-DEAF-3D35-8395-D81D587E71DB}
		{D83AAA23-DCF0-3943-9CFE-D5F33F018022} = {C6AAB97C-DEAF-3D35-8395-D81D587E71DB}
		{17DA8B0E-EE8D-3BA8-93C8-CF526D34961D} = {C6A68B45-640F-300A-B9C2-93EFB45FDF98}
		{C006935C-8283-3B97-937A-2D23D5D06EB8} = {C6A68B45-640F-300A-B9C2-93EFB45FDF98}
		{C78C1D03-4BD4-31EE-B59D-21FE47338179} = {C6A68B45-640F-300A-B9C2-93EFB45FDF98}
		{FC0A1440-BDF4-3A65-84F7-ED5F24A87E9C} = {C6A68B45-640F-300A-B9C2-93EFB45FDF98}
		{04574EF7-3545-3208-98B9-6B1422062E14} = {C6A68B45-640F-300A-B9C2-93EFB45FDF98}
		{260DAC0D-EF59-312C-AB89-40BDE75EB9AA} = {C6A68B45-640F-300A-B9C2-93EFB45FDF98}
		{A4F96AF6-7C85-3959-A5DB-321EA250D884} = {C6A68B45-640F-300A-B9C2-93EFB45FDF98}
		{0308B410-BC82-3FF6-9834-01BE79D69B8F} = {C6A68B45-640F-300A-B9C2-93EFB45FDF98}
		{7BE93266-0E8D-3E62-8118-BE5D12DC2488} = {C6A68B45-640F-300A-B9C2-93EFB45FDF98}
		{9F00EBD8-1A60-3CAF-B4C3-2E88BBB46861} = {C6A68B45-640F-300A-B9C2-93EFB45FDF98}
		{370C4589-865D-3DBB-A3DF-27012149F0AD} = {C6A68B45-640F-300A-B9C2-93EFB45FDF98}
		{D11D527E-2AD1-3E70-9B6F-0F959F4145E8} = {C6A68B45-640F-300A-B9C2-93EFB45FDF98}
		{5FC0559B-C63D-3BA5-BB19-3B3FABD4EDFD} = {C6A68B45-640F-300A-B9C2-93EFB45FDF98}
		{9B0DADD0-3CEF-34EB-BFBE-7BD797968A76} = {C6A68B45-640F-300A-B9C2-93EFB45FDF98}
		{6E3B361B-A4C6-3E0A-BF94-7DE9FBA98DE1} = {C6A68B45-640F-300A-B9C2-93EFB45FDF98}
		{8C23F9E9-F0DB-3596-86EB-F68761CDD6DB} = {C6A68B45-640F-300A-B9C2-93EFB45FDF98}
	EndGlobalSection
	GlobalSection(ExtensibilityGlobals) = postSolution
		SolutionGuid = {50E6F4EE-BA91-3575-86D8-6DFC747EC668}
	EndGlobalSection
	GlobalSection(ExtensibilityAddIns) = postSolution
	EndGlobalSection
EndGlobal
